// !$*UTF8*$!
{
	archiveVersion = 1;
	classes = {
	};
	objectVersion = 46;
	objects = {

/* Begin PBXBuildFile section */
		A90F183F1765CA4A0041F931 /* DetailViewController.m in Sources */ = {isa = PBXBuildFile; fileRef = A90F183E1765CA4A0041F931 /* DetailViewController.m */; };
		A90F18401765CA4A0041F931 /* DetailViewController.m in Sources */ = {isa = PBXBuildFile; fileRef = A90F183E1765CA4A0041F931 /* DetailViewController.m */; };
		A90F18411765CA4A0041F931 /* DetailViewController.m in Sources */ = {isa = PBXBuildFile; fileRef = A90F183E1765CA4A0041F931 /* DetailViewController.m */; };
		A90F18421765CA4A0041F931 /* DetailViewController.m in Sources */ = {isa = PBXBuildFile; fileRef = A90F183E1765CA4A0041F931 /* DetailViewController.m */; };
		A913469B1747A1A700778D9C /* main.m in Sources */ = {isa = PBXBuildFile; fileRef = A98036EC17458D3100F808C3 /* main.m */; };
		A913469C1747A1A700778D9C /* AppDelegate.m in Sources */ = {isa = PBXBuildFile; fileRef = A98036F017458D3100F808C3 /* AppDelegate.m */; };
		A913469D1747A1A700778D9C /* FirstViewController.m in Sources */ = {isa = PBXBuildFile; fileRef = A98036FC17458D3100F808C3 /* FirstViewController.m */; };
		A913469E1747A1A700778D9C /* SecondViewController.m in Sources */ = {isa = PBXBuildFile; fileRef = A980370317458D3100F808C3 /* SecondViewController.m */; };
		A913469F1747A1A700778D9C /* Database.m in Sources */ = {isa = PBXBuildFile; fileRef = A980372817458D5B00F808C3 /* Database.m */; };
		A91346A11747A1A700778D9C /* libsqlite3.0.dylib in Frameworks */ = {isa = PBXBuildFile; fileRef = A980372A17458DBA00F808C3 /* libsqlite3.0.dylib */; };
		A91346A21747A1A700778D9C /* UIKit.framework in Frameworks */ = {isa = PBXBuildFile; fileRef = A98036E017458D3100F808C3 /* UIKit.framework */; };
		A91346A31747A1A700778D9C /* Foundation.framework in Frameworks */ = {isa = PBXBuildFile; fileRef = A98036E217458D3100F808C3 /* Foundation.framework */; };
		A91346A41747A1A700778D9C /* CoreGraphics.framework in Frameworks */ = {isa = PBXBuildFile; fileRef = A98036E417458D3100F808C3 /* CoreGraphics.framework */; };
		A91346A61747A1A700778D9C /* InfoPlist.strings in Resources */ = {isa = PBXBuildFile; fileRef = A98036E917458D3100F808C3 /* InfoPlist.strings */; };
		A91346A71747A1A700778D9C /* Default.png in Resources */ = {isa = PBXBuildFile; fileRef = A98036F217458D3100F808C3 /* Default.png */; };
		A91346A81747A1A700778D9C /* Default@2x.png in Resources */ = {isa = PBXBuildFile; fileRef = A98036F417458D3100F808C3 /* Default@2x.png */; };
		A91346A91747A1A700778D9C /* Default-568h@2x.png in Resources */ = {isa = PBXBuildFile; fileRef = A98036F617458D3100F808C3 /* Default-568h@2x.png */; };
		A91346AA1747A1A700778D9C /* MainStoryboard.storyboard in Resources */ = {isa = PBXBuildFile; fileRef = A98036F817458D3100F808C3 /* MainStoryboard.storyboard */; };
		A91346AB1747A1A700778D9C /* first.png in Resources */ = {isa = PBXBuildFile; fileRef = A98036FE17458D3100F808C3 /* first.png */; };
		A91346AC1747A1A700778D9C /* first@2x.png in Resources */ = {isa = PBXBuildFile; fileRef = A980370017458D3100F808C3 /* first@2x.png */; };
		A91346AD1747A1A700778D9C /* second.png in Resources */ = {isa = PBXBuildFile; fileRef = A980370517458D3100F808C3 /* second.png */; };
		A91346AE1747A1A700778D9C /* second@2x.png in Resources */ = {isa = PBXBuildFile; fileRef = A980370717458D3100F808C3 /* second@2x.png */; };
		A91346B61747A42900778D9C /* TestFirstViewController.m in Sources */ = {isa = PBXBuildFile; fileRef = A91346B51747A42900778D9C /* TestFirstViewController.m */; };
		A91346BA1747B19300778D9C /* WeightView.m in Sources */ = {isa = PBXBuildFile; fileRef = A91346B91747B19300778D9C /* WeightView.m */; };
		A91346BB1747B19300778D9C /* WeightView.m in Sources */ = {isa = PBXBuildFile; fileRef = A91346B91747B19300778D9C /* WeightView.m */; };
		A915DB18174F8DF500A33103 /* libsqlite3.0.dylib in Frameworks */ = {isa = PBXBuildFile; fileRef = A980372A17458DBA00F808C3 /* libsqlite3.0.dylib */; };
		A915DB1A174F8DF500A33103 /* libsqlite3.dylib in Frameworks */ = {isa = PBXBuildFile; fileRef = A915DB19174F8DF500A33103 /* libsqlite3.dylib */; };
		A9412614175B87B500ED8FF6 /* B_Prepardiale.png in Resources */ = {isa = PBXBuildFile; fileRef = A9412612175B87B500ED8FF6 /* B_Prepardiale.png */; };
		A9412615175B87B500ED8FF6 /* B_Prepardiale.png in Resources */ = {isa = PBXBuildFile; fileRef = A9412612175B87B500ED8FF6 /* B_Prepardiale.png */; };
		A9412616175B87B500ED8FF6 /* B_Prepardiale.png in Resources */ = {isa = PBXBuildFile; fileRef = A9412612175B87B500ED8FF6 /* B_Prepardiale.png */; };
		A9412617175B87B500ED8FF6 /* B_Prepardiale.png in Resources */ = {isa = PBXBuildFile; fileRef = A9412612175B87B500ED8FF6 /* B_Prepardiale.png */; };
		A9412618175B87B500ED8FF6 /* B_Prepardiale@2x.png in Resources */ = {isa = PBXBuildFile; fileRef = A9412613175B87B500ED8FF6 /* B_Prepardiale@2x.png */; };
		A9412619175B87B500ED8FF6 /* B_Prepardiale@2x.png in Resources */ = {isa = PBXBuildFile; fileRef = A9412613175B87B500ED8FF6 /* B_Prepardiale@2x.png */; };
		A941261A175B87B500ED8FF6 /* B_Prepardiale@2x.png in Resources */ = {isa = PBXBuildFile; fileRef = A9412613175B87B500ED8FF6 /* B_Prepardiale@2x.png */; };
		A941261B175B87B500ED8FF6 /* B_Prepardiale@2x.png in Resources */ = {isa = PBXBuildFile; fileRef = A9412613175B87B500ED8FF6 /* B_Prepardiale@2x.png */; };
		A941261E175B888700ED8FF6 /* Botton1@2x.png in Resources */ = {isa = PBXBuildFile; fileRef = A941261C175B888700ED8FF6 /* Botton1@2x.png */; };
		A941261F175B888700ED8FF6 /* Botton1@2x.png in Resources */ = {isa = PBXBuildFile; fileRef = A941261C175B888700ED8FF6 /* Botton1@2x.png */; };
		A9412620175B888700ED8FF6 /* Botton1@2x.png in Resources */ = {isa = PBXBuildFile; fileRef = A941261C175B888700ED8FF6 /* Botton1@2x.png */; };
		A9412621175B888700ED8FF6 /* Botton1@2x.png in Resources */ = {isa = PBXBuildFile; fileRef = A941261C175B888700ED8FF6 /* Botton1@2x.png */; };
		A9412622175B888700ED8FF6 /* Botton1.png in Resources */ = {isa = PBXBuildFile; fileRef = A941261D175B888700ED8FF6 /* Botton1.png */; };
		A9412623175B888700ED8FF6 /* Botton1.png in Resources */ = {isa = PBXBuildFile; fileRef = A941261D175B888700ED8FF6 /* Botton1.png */; };
		A9412624175B888700ED8FF6 /* Botton1.png in Resources */ = {isa = PBXBuildFile; fileRef = A941261D175B888700ED8FF6 /* Botton1.png */; };
		A9412625175B888700ED8FF6 /* Botton1.png in Resources */ = {isa = PBXBuildFile; fileRef = A941261D175B888700ED8FF6 /* Botton1.png */; };
		A9516729175795E50058E5B4 /* main.m in Sources */ = {isa = PBXBuildFile; fileRef = A98036EC17458D3100F808C3 /* main.m */; };
		A951672A175795E50058E5B4 /* AppDelegate.m in Sources */ = {isa = PBXBuildFile; fileRef = A98036F017458D3100F808C3 /* AppDelegate.m */; };
		A951672B175795E50058E5B4 /* FirstViewController.m in Sources */ = {isa = PBXBuildFile; fileRef = A98036FC17458D3100F808C3 /* FirstViewController.m */; };
		A951672C175795E50058E5B4 /* SecondViewController.m in Sources */ = {isa = PBXBuildFile; fileRef = A980370317458D3100F808C3 /* SecondViewController.m */; };
		A951672D175795E50058E5B4 /* Database.m in Sources */ = {isa = PBXBuildFile; fileRef = A980372817458D5B00F808C3 /* Database.m */; };
		A951672E175795E50058E5B4 /* WeightView.m in Sources */ = {isa = PBXBuildFile; fileRef = A91346B91747B19300778D9C /* WeightView.m */; };
		A951672F175795E50058E5B4 /* DataType.m in Sources */ = {isa = PBXBuildFile; fileRef = A975140917490E360057D66D /* DataType.m */; };
		A9516730175795E50058E5B4 /* ListViewController.m in Sources */ = {isa = PBXBuildFile; fileRef = A9751419174929F10057D66D /* ListViewController.m */; };
		A9516731175795E50058E5B4 /* Util.m in Sources */ = {isa = PBXBuildFile; fileRef = A975141E17492A270057D66D /* Util.m */; };
		A9516732175795E50058E5B4 /* DatabaseGeneral.m in Sources */ = {isa = PBXBuildFile; fileRef = A9FC269217524AAE002459FA /* DatabaseGeneral.m */; };
		A9516734175795E50058E5B4 /* libsqlite3.0.dylib in Frameworks */ = {isa = PBXBuildFile; fileRef = A980372A17458DBA00F808C3 /* libsqlite3.0.dylib */; };
		A9516735175795E50058E5B4 /* UIKit.framework in Frameworks */ = {isa = PBXBuildFile; fileRef = A98036E017458D3100F808C3 /* UIKit.framework */; };
		A9516736175795E50058E5B4 /* Foundation.framework in Frameworks */ = {isa = PBXBuildFile; fileRef = A98036E217458D3100F808C3 /* Foundation.framework */; };
		A9516737175795E50058E5B4 /* CoreGraphics.framework in Frameworks */ = {isa = PBXBuildFile; fileRef = A98036E417458D3100F808C3 /* CoreGraphics.framework */; };
		A9516739175795E50058E5B4 /* InfoPlist.strings in Resources */ = {isa = PBXBuildFile; fileRef = A98036E917458D3100F808C3 /* InfoPlist.strings */; };
		A951673A175795E50058E5B4 /* Default.png in Resources */ = {isa = PBXBuildFile; fileRef = A98036F217458D3100F808C3 /* Default.png */; };
		A951673B175795E50058E5B4 /* Default@2x.png in Resources */ = {isa = PBXBuildFile; fileRef = A98036F417458D3100F808C3 /* Default@2x.png */; };
		A951673C175795E50058E5B4 /* Default-568h@2x.png in Resources */ = {isa = PBXBuildFile; fileRef = A98036F617458D3100F808C3 /* Default-568h@2x.png */; };
		A951673D175795E50058E5B4 /* MainStoryboard.storyboard in Resources */ = {isa = PBXBuildFile; fileRef = A98036F817458D3100F808C3 /* MainStoryboard.storyboard */; };
		A951673E175795E50058E5B4 /* first.png in Resources */ = {isa = PBXBuildFile; fileRef = A98036FE17458D3100F808C3 /* first.png */; };
		A951673F175795E50058E5B4 /* first@2x.png in Resources */ = {isa = PBXBuildFile; fileRef = A980370017458D3100F808C3 /* first@2x.png */; };
		A9516740175795E50058E5B4 /* second.png in Resources */ = {isa = PBXBuildFile; fileRef = A980370517458D3100F808C3 /* second.png */; };
		A9516741175795E50058E5B4 /* second@2x.png in Resources */ = {isa = PBXBuildFile; fileRef = A980370717458D3100F808C3 /* second@2x.png */; };
		A9516749175795F40058E5B4 /* main.m in Sources */ = {isa = PBXBuildFile; fileRef = A98036EC17458D3100F808C3 /* main.m */; };
		A951674A175795F40058E5B4 /* AppDelegate.m in Sources */ = {isa = PBXBuildFile; fileRef = A98036F017458D3100F808C3 /* AppDelegate.m */; };
		A951674B175795F40058E5B4 /* FirstViewController.m in Sources */ = {isa = PBXBuildFile; fileRef = A98036FC17458D3100F808C3 /* FirstViewController.m */; };
		A951674C175795F40058E5B4 /* SecondViewController.m in Sources */ = {isa = PBXBuildFile; fileRef = A980370317458D3100F808C3 /* SecondViewController.m */; };
		A951674D175795F40058E5B4 /* Database.m in Sources */ = {isa = PBXBuildFile; fileRef = A980372817458D5B00F808C3 /* Database.m */; };
		A951674E175795F40058E5B4 /* WeightView.m in Sources */ = {isa = PBXBuildFile; fileRef = A91346B91747B19300778D9C /* WeightView.m */; };
		A951674F175795F40058E5B4 /* DataType.m in Sources */ = {isa = PBXBuildFile; fileRef = A975140917490E360057D66D /* DataType.m */; };
		A9516750175795F40058E5B4 /* ListViewController.m in Sources */ = {isa = PBXBuildFile; fileRef = A9751419174929F10057D66D /* ListViewController.m */; };
		A9516751175795F40058E5B4 /* Util.m in Sources */ = {isa = PBXBuildFile; fileRef = A975141E17492A270057D66D /* Util.m */; };
		A9516752175795F40058E5B4 /* DatabaseGeneral.m in Sources */ = {isa = PBXBuildFile; fileRef = A9FC269217524AAE002459FA /* DatabaseGeneral.m */; };
		A9516754175795F40058E5B4 /* libsqlite3.0.dylib in Frameworks */ = {isa = PBXBuildFile; fileRef = A980372A17458DBA00F808C3 /* libsqlite3.0.dylib */; };
		A9516755175795F40058E5B4 /* UIKit.framework in Frameworks */ = {isa = PBXBuildFile; fileRef = A98036E017458D3100F808C3 /* UIKit.framework */; };
		A9516756175795F40058E5B4 /* Foundation.framework in Frameworks */ = {isa = PBXBuildFile; fileRef = A98036E217458D3100F808C3 /* Foundation.framework */; };
		A9516757175795F40058E5B4 /* CoreGraphics.framework in Frameworks */ = {isa = PBXBuildFile; fileRef = A98036E417458D3100F808C3 /* CoreGraphics.framework */; };
		A9516759175795F40058E5B4 /* InfoPlist.strings in Resources */ = {isa = PBXBuildFile; fileRef = A98036E917458D3100F808C3 /* InfoPlist.strings */; };
		A951675A175795F40058E5B4 /* Default.png in Resources */ = {isa = PBXBuildFile; fileRef = A98036F217458D3100F808C3 /* Default.png */; };
		A951675B175795F40058E5B4 /* Default@2x.png in Resources */ = {isa = PBXBuildFile; fileRef = A98036F417458D3100F808C3 /* Default@2x.png */; };
		A951675C175795F40058E5B4 /* Default-568h@2x.png in Resources */ = {isa = PBXBuildFile; fileRef = A98036F617458D3100F808C3 /* Default-568h@2x.png */; };
		A951675D175795F40058E5B4 /* MainStoryboard.storyboard in Resources */ = {isa = PBXBuildFile; fileRef = A98036F817458D3100F808C3 /* MainStoryboard.storyboard */; };
		A951675E175795F40058E5B4 /* first.png in Resources */ = {isa = PBXBuildFile; fileRef = A98036FE17458D3100F808C3 /* first.png */; };
		A951675F175795F40058E5B4 /* first@2x.png in Resources */ = {isa = PBXBuildFile; fileRef = A980370017458D3100F808C3 /* first@2x.png */; };
		A9516760175795F40058E5B4 /* second.png in Resources */ = {isa = PBXBuildFile; fileRef = A980370517458D3100F808C3 /* second.png */; };
		A9516761175795F40058E5B4 /* second@2x.png in Resources */ = {isa = PBXBuildFile; fileRef = A980370717458D3100F808C3 /* second@2x.png */; };
		A973B72C175E5654008251AA /* BasaleButton.png in Resources */ = {isa = PBXBuildFile; fileRef = A973B72A175E5654008251AA /* BasaleButton.png */; };
		A973B72D175E5654008251AA /* BasaleButton.png in Resources */ = {isa = PBXBuildFile; fileRef = A973B72A175E5654008251AA /* BasaleButton.png */; };
		A973B72E175E5654008251AA /* BasaleButton.png in Resources */ = {isa = PBXBuildFile; fileRef = A973B72A175E5654008251AA /* BasaleButton.png */; };
		A973B72F175E5654008251AA /* BasaleButton.png in Resources */ = {isa = PBXBuildFile; fileRef = A973B72A175E5654008251AA /* BasaleButton.png */; };
		A973B730175E5654008251AA /* BasaleButton@2x.png in Resources */ = {isa = PBXBuildFile; fileRef = A973B72B175E5654008251AA /* BasaleButton@2x.png */; };
		A973B731175E5654008251AA /* BasaleButton@2x.png in Resources */ = {isa = PBXBuildFile; fileRef = A973B72B175E5654008251AA /* BasaleButton@2x.png */; };
		A973B732175E5654008251AA /* BasaleButton@2x.png in Resources */ = {isa = PBXBuildFile; fileRef = A973B72B175E5654008251AA /* BasaleButton@2x.png */; };
		A973B733175E5654008251AA /* BasaleButton@2x.png in Resources */ = {isa = PBXBuildFile; fileRef = A973B72B175E5654008251AA /* BasaleButton@2x.png */; };
		A973B736175E57A2008251AA /* PreprandialeButton.png in Resources */ = {isa = PBXBuildFile; fileRef = A973B734175E57A2008251AA /* PreprandialeButton.png */; };
		A973B737175E57A2008251AA /* PreprandialeButton.png in Resources */ = {isa = PBXBuildFile; fileRef = A973B734175E57A2008251AA /* PreprandialeButton.png */; };
		A973B738175E57A2008251AA /* PreprandialeButton.png in Resources */ = {isa = PBXBuildFile; fileRef = A973B734175E57A2008251AA /* PreprandialeButton.png */; };
		A973B739175E57A2008251AA /* PreprandialeButton.png in Resources */ = {isa = PBXBuildFile; fileRef = A973B734175E57A2008251AA /* PreprandialeButton.png */; };
		A973B73A175E57A2008251AA /* PreprandialeButton@2x.png in Resources */ = {isa = PBXBuildFile; fileRef = A973B735175E57A2008251AA /* PreprandialeButton@2x.png */; };
		A973B73B175E57A2008251AA /* PreprandialeButton@2x.png in Resources */ = {isa = PBXBuildFile; fileRef = A973B735175E57A2008251AA /* PreprandialeButton@2x.png */; };
		A973B73C175E57A2008251AA /* PreprandialeButton@2x.png in Resources */ = {isa = PBXBuildFile; fileRef = A973B735175E57A2008251AA /* PreprandialeButton@2x.png */; };
		A973B73D175E57A2008251AA /* PreprandialeButton@2x.png in Resources */ = {isa = PBXBuildFile; fileRef = A973B735175E57A2008251AA /* PreprandialeButton@2x.png */; };
		A973B742175E57AF008251AA /* PostprandialeButton.png in Resources */ = {isa = PBXBuildFile; fileRef = A973B73E175E57AF008251AA /* PostprandialeButton.png */; };
		A973B743175E57AF008251AA /* PostprandialeButton.png in Resources */ = {isa = PBXBuildFile; fileRef = A973B73E175E57AF008251AA /* PostprandialeButton.png */; };
		A973B744175E57AF008251AA /* PostprandialeButton.png in Resources */ = {isa = PBXBuildFile; fileRef = A973B73E175E57AF008251AA /* PostprandialeButton.png */; };
		A973B745175E57AF008251AA /* PostprandialeButton.png in Resources */ = {isa = PBXBuildFile; fileRef = A973B73E175E57AF008251AA /* PostprandialeButton.png */; };
		A973B746175E57AF008251AA /* PostprandialeButton@2x.png in Resources */ = {isa = PBXBuildFile; fileRef = A973B73F175E57AF008251AA /* PostprandialeButton@2x.png */; };
		A973B747175E57AF008251AA /* PostprandialeButton@2x.png in Resources */ = {isa = PBXBuildFile; fileRef = A973B73F175E57AF008251AA /* PostprandialeButton@2x.png */; };
		A973B748175E57AF008251AA /* PostprandialeButton@2x.png in Resources */ = {isa = PBXBuildFile; fileRef = A973B73F175E57AF008251AA /* PostprandialeButton@2x.png */; };
		A973B749175E57AF008251AA /* PostprandialeButton@2x.png in Resources */ = {isa = PBXBuildFile; fileRef = A973B73F175E57AF008251AA /* PostprandialeButton@2x.png */; };
		A973B74A175E57AF008251AA /* VerginButton.png in Resources */ = {isa = PBXBuildFile; fileRef = A973B740175E57AF008251AA /* VerginButton.png */; };
		A973B74B175E57AF008251AA /* VerginButton.png in Resources */ = {isa = PBXBuildFile; fileRef = A973B740175E57AF008251AA /* VerginButton.png */; };
		A973B74C175E57AF008251AA /* VerginButton.png in Resources */ = {isa = PBXBuildFile; fileRef = A973B740175E57AF008251AA /* VerginButton.png */; };
		A973B74D175E57AF008251AA /* VerginButton.png in Resources */ = {isa = PBXBuildFile; fileRef = A973B740175E57AF008251AA /* VerginButton.png */; };
		A973B74E175E57AF008251AA /* VerginButton@2x.png in Resources */ = {isa = PBXBuildFile; fileRef = A973B741175E57AF008251AA /* VerginButton@2x.png */; };
		A973B74F175E57AF008251AA /* VerginButton@2x.png in Resources */ = {isa = PBXBuildFile; fileRef = A973B741175E57AF008251AA /* VerginButton@2x.png */; };
		A973B750175E57AF008251AA /* VerginButton@2x.png in Resources */ = {isa = PBXBuildFile; fileRef = A973B741175E57AF008251AA /* VerginButton@2x.png */; };
		A973B751175E57AF008251AA /* VerginButton@2x.png in Resources */ = {isa = PBXBuildFile; fileRef = A973B741175E57AF008251AA /* VerginButton@2x.png */; };
		A973B755175E769E008251AA /* OvalNero@2x.png in Resources */ = {isa = PBXBuildFile; fileRef = A973B753175E769E008251AA /* OvalNero@2x.png */; };
		A973B756175E769E008251AA /* OvalNero@2x.png in Resources */ = {isa = PBXBuildFile; fileRef = A973B753175E769E008251AA /* OvalNero@2x.png */; };
		A973B757175E769E008251AA /* OvalNero@2x.png in Resources */ = {isa = PBXBuildFile; fileRef = A973B753175E769E008251AA /* OvalNero@2x.png */; };
		A973B758175E769E008251AA /* OvalNero@2x.png in Resources */ = {isa = PBXBuildFile; fileRef = A973B753175E769E008251AA /* OvalNero@2x.png */; };
		A973B759175E769E008251AA /* OvalNero.png in Resources */ = {isa = PBXBuildFile; fileRef = A973B754175E769E008251AA /* OvalNero.png */; };
		A973B75A175E769E008251AA /* OvalNero.png in Resources */ = {isa = PBXBuildFile; fileRef = A973B754175E769E008251AA /* OvalNero.png */; };
		A973B75B175E769E008251AA /* OvalNero.png in Resources */ = {isa = PBXBuildFile; fileRef = A973B754175E769E008251AA /* OvalNero.png */; };
		A973B75C175E769E008251AA /* OvalNero.png in Resources */ = {isa = PBXBuildFile; fileRef = A973B754175E769E008251AA /* OvalNero.png */; };
		A973B761175E78D2008251AA /* OvalBlue.png in Resources */ = {isa = PBXBuildFile; fileRef = A973B75D175E78D2008251AA /* OvalBlue.png */; };
		A973B762175E78D2008251AA /* OvalBlue.png in Resources */ = {isa = PBXBuildFile; fileRef = A973B75D175E78D2008251AA /* OvalBlue.png */; };
		A973B763175E78D2008251AA /* OvalBlue.png in Resources */ = {isa = PBXBuildFile; fileRef = A973B75D175E78D2008251AA /* OvalBlue.png */; };
		A973B764175E78D2008251AA /* OvalBlue.png in Resources */ = {isa = PBXBuildFile; fileRef = A973B75D175E78D2008251AA /* OvalBlue.png */; };
		A973B765175E78D2008251AA /* OvalBlue@2x.png in Resources */ = {isa = PBXBuildFile; fileRef = A973B75E175E78D2008251AA /* OvalBlue@2x.png */; };
		A973B766175E78D2008251AA /* OvalBlue@2x.png in Resources */ = {isa = PBXBuildFile; fileRef = A973B75E175E78D2008251AA /* OvalBlue@2x.png */; };
		A973B767175E78D2008251AA /* OvalBlue@2x.png in Resources */ = {isa = PBXBuildFile; fileRef = A973B75E175E78D2008251AA /* OvalBlue@2x.png */; };
		A973B768175E78D2008251AA /* OvalBlue@2x.png in Resources */ = {isa = PBXBuildFile; fileRef = A973B75E175E78D2008251AA /* OvalBlue@2x.png */; };
		A973B769175E78D2008251AA /* OvalRed.png in Resources */ = {isa = PBXBuildFile; fileRef = A973B75F175E78D2008251AA /* OvalRed.png */; };
		A973B76A175E78D2008251AA /* OvalRed.png in Resources */ = {isa = PBXBuildFile; fileRef = A973B75F175E78D2008251AA /* OvalRed.png */; };
		A973B76B175E78D2008251AA /* OvalRed.png in Resources */ = {isa = PBXBuildFile; fileRef = A973B75F175E78D2008251AA /* OvalRed.png */; };
		A973B76C175E78D2008251AA /* OvalRed.png in Resources */ = {isa = PBXBuildFile; fileRef = A973B75F175E78D2008251AA /* OvalRed.png */; };
		A973B76D175E78D2008251AA /* OvalRed@2x.png in Resources */ = {isa = PBXBuildFile; fileRef = A973B760175E78D2008251AA /* OvalRed@2x.png */; };
		A973B76E175E78D2008251AA /* OvalRed@2x.png in Resources */ = {isa = PBXBuildFile; fileRef = A973B760175E78D2008251AA /* OvalRed@2x.png */; };
		A973B76F175E78D2008251AA /* OvalRed@2x.png in Resources */ = {isa = PBXBuildFile; fileRef = A973B760175E78D2008251AA /* OvalRed@2x.png */; };
		A973B770175E78D2008251AA /* OvalRed@2x.png in Resources */ = {isa = PBXBuildFile; fileRef = A973B760175E78D2008251AA /* OvalRed@2x.png */; };
		A975140A17490E360057D66D /* DataType.m in Sources */ = {isa = PBXBuildFile; fileRef = A975140917490E360057D66D /* DataType.m */; };
		A975140B17490E690057D66D /* DataType.m in Sources */ = {isa = PBXBuildFile; fileRef = A975140917490E360057D66D /* DataType.m */; };
		A975140E17490EED0057D66D /* TestDataType.m in Sources */ = {isa = PBXBuildFile; fileRef = A975140D17490EED0057D66D /* TestDataType.m */; };
		A975141A174929F20057D66D /* ListViewController.m in Sources */ = {isa = PBXBuildFile; fileRef = A9751419174929F10057D66D /* ListViewController.m */; };
		A975141B174929F20057D66D /* ListViewController.m in Sources */ = {isa = PBXBuildFile; fileRef = A9751419174929F10057D66D /* ListViewController.m */; };
		A975141F17492A270057D66D /* Util.m in Sources */ = {isa = PBXBuildFile; fileRef = A975141E17492A270057D66D /* Util.m */; };
		A975142017492A270057D66D /* Util.m in Sources */ = {isa = PBXBuildFile; fileRef = A975141E17492A270057D66D /* Util.m */; };
		A98036E117458D3100F808C3 /* UIKit.framework in Frameworks */ = {isa = PBXBuildFile; fileRef = A98036E017458D3100F808C3 /* UIKit.framework */; };
		A98036E317458D3100F808C3 /* Foundation.framework in Frameworks */ = {isa = PBXBuildFile; fileRef = A98036E217458D3100F808C3 /* Foundation.framework */; };
		A98036E517458D3100F808C3 /* CoreGraphics.framework in Frameworks */ = {isa = PBXBuildFile; fileRef = A98036E417458D3100F808C3 /* CoreGraphics.framework */; };
		A98036EB17458D3100F808C3 /* InfoPlist.strings in Resources */ = {isa = PBXBuildFile; fileRef = A98036E917458D3100F808C3 /* InfoPlist.strings */; };
		A98036ED17458D3100F808C3 /* main.m in Sources */ = {isa = PBXBuildFile; fileRef = A98036EC17458D3100F808C3 /* main.m */; };
		A98036F117458D3100F808C3 /* AppDelegate.m in Sources */ = {isa = PBXBuildFile; fileRef = A98036F017458D3100F808C3 /* AppDelegate.m */; };
		A98036F317458D3100F808C3 /* Default.png in Resources */ = {isa = PBXBuildFile; fileRef = A98036F217458D3100F808C3 /* Default.png */; };
		A98036F517458D3100F808C3 /* Default@2x.png in Resources */ = {isa = PBXBuildFile; fileRef = A98036F417458D3100F808C3 /* Default@2x.png */; };
		A98036F717458D3100F808C3 /* Default-568h@2x.png in Resources */ = {isa = PBXBuildFile; fileRef = A98036F617458D3100F808C3 /* Default-568h@2x.png */; };
		A98036FA17458D3100F808C3 /* MainStoryboard.storyboard in Resources */ = {isa = PBXBuildFile; fileRef = A98036F817458D3100F808C3 /* MainStoryboard.storyboard */; };
		A98036FD17458D3100F808C3 /* FirstViewController.m in Sources */ = {isa = PBXBuildFile; fileRef = A98036FC17458D3100F808C3 /* FirstViewController.m */; };
		A98036FF17458D3100F808C3 /* first.png in Resources */ = {isa = PBXBuildFile; fileRef = A98036FE17458D3100F808C3 /* first.png */; };
		A980370117458D3100F808C3 /* first@2x.png in Resources */ = {isa = PBXBuildFile; fileRef = A980370017458D3100F808C3 /* first@2x.png */; };
		A980370417458D3100F808C3 /* SecondViewController.m in Sources */ = {isa = PBXBuildFile; fileRef = A980370317458D3100F808C3 /* SecondViewController.m */; };
		A980370617458D3100F808C3 /* second.png in Resources */ = {isa = PBXBuildFile; fileRef = A980370517458D3100F808C3 /* second.png */; };
		A980370817458D3100F808C3 /* second@2x.png in Resources */ = {isa = PBXBuildFile; fileRef = A980370717458D3100F808C3 /* second@2x.png */; };
		A980371017458D3100F808C3 /* SenTestingKit.framework in Frameworks */ = {isa = PBXBuildFile; fileRef = A980370F17458D3100F808C3 /* SenTestingKit.framework */; };
		A980371117458D3100F808C3 /* UIKit.framework in Frameworks */ = {isa = PBXBuildFile; fileRef = A98036E017458D3100F808C3 /* UIKit.framework */; };
		A980371217458D3100F808C3 /* Foundation.framework in Frameworks */ = {isa = PBXBuildFile; fileRef = A98036E217458D3100F808C3 /* Foundation.framework */; };
		A980371A17458D3100F808C3 /* InfoPlist.strings in Resources */ = {isa = PBXBuildFile; fileRef = A980371817458D3100F808C3 /* InfoPlist.strings */; };
		A980371D17458D3100F808C3 /* MedicalProjectsTests.m in Sources */ = {isa = PBXBuildFile; fileRef = A980371C17458D3100F808C3 /* MedicalProjectsTests.m */; };
		A980372917458D5B00F808C3 /* Database.m in Sources */ = {isa = PBXBuildFile; fileRef = A980372817458D5B00F808C3 /* Database.m */; };
		A980372B17458DBA00F808C3 /* libsqlite3.0.dylib in Frameworks */ = {isa = PBXBuildFile; fileRef = A980372A17458DBA00F808C3 /* libsqlite3.0.dylib */; };
		A980372E1745909000F808C3 /* TestDatabase.m in Sources */ = {isa = PBXBuildFile; fileRef = A980372D1745909000F808C3 /* TestDatabase.m */; };
		A98B236D175B7C1800D96058 /* TestUtil.m in Sources */ = {isa = PBXBuildFile; fileRef = A98B236C175B7C1800D96058 /* TestUtil.m */; };
		A98B2372175B80DE00D96058 /* MedicalProjectsTests.m in Sources */ = {isa = PBXBuildFile; fileRef = A980371C17458D3100F808C3 /* MedicalProjectsTests.m */; };
		A98B2373175B80DE00D96058 /* TestDatabase.m in Sources */ = {isa = PBXBuildFile; fileRef = A980372D1745909000F808C3 /* TestDatabase.m */; };
		A98B2374175B80DE00D96058 /* TestFirstViewController.m in Sources */ = {isa = PBXBuildFile; fileRef = A91346B51747A42900778D9C /* TestFirstViewController.m */; };
		A98B2375175B80DE00D96058 /* TestDataType.m in Sources */ = {isa = PBXBuildFile; fileRef = A975140D17490EED0057D66D /* TestDataType.m */; };
		A98B2376175B80DE00D96058 /* TestUtil.m in Sources */ = {isa = PBXBuildFile; fileRef = A98B236C175B7C1800D96058 /* TestUtil.m */; };
		A98B2378175B80DE00D96058 /* libsqlite3.dylib in Frameworks */ = {isa = PBXBuildFile; fileRef = A915DB19174F8DF500A33103 /* libsqlite3.dylib */; };
		A98B2379175B80DE00D96058 /* libsqlite3.0.dylib in Frameworks */ = {isa = PBXBuildFile; fileRef = A980372A17458DBA00F808C3 /* libsqlite3.0.dylib */; };
		A98B237A175B80DE00D96058 /* SenTestingKit.framework in Frameworks */ = {isa = PBXBuildFile; fileRef = A980370F17458D3100F808C3 /* SenTestingKit.framework */; };
		A98B237B175B80DE00D96058 /* UIKit.framework in Frameworks */ = {isa = PBXBuildFile; fileRef = A98036E017458D3100F808C3 /* UIKit.framework */; };
		A98B237C175B80DE00D96058 /* Foundation.framework in Frameworks */ = {isa = PBXBuildFile; fileRef = A98036E217458D3100F808C3 /* Foundation.framework */; };
		A98B237E175B80DE00D96058 /* InfoPlist.strings in Resources */ = {isa = PBXBuildFile; fileRef = A980371817458D3100F808C3 /* InfoPlist.strings */; };
		A9CA4707175F777F00A939BF /* OvalError@2x.png in Resources */ = {isa = PBXBuildFile; fileRef = A9CA4705175F777F00A939BF /* OvalError@2x.png */; };
		A9CA4708175F777F00A939BF /* OvalError@2x.png in Resources */ = {isa = PBXBuildFile; fileRef = A9CA4705175F777F00A939BF /* OvalError@2x.png */; };
		A9CA4709175F777F00A939BF /* OvalError@2x.png in Resources */ = {isa = PBXBuildFile; fileRef = A9CA4705175F777F00A939BF /* OvalError@2x.png */; };
		A9CA470A175F777F00A939BF /* OvalError@2x.png in Resources */ = {isa = PBXBuildFile; fileRef = A9CA4705175F777F00A939BF /* OvalError@2x.png */; };
		A9CA470B175F777F00A939BF /* OvalError.png in Resources */ = {isa = PBXBuildFile; fileRef = A9CA4706175F777F00A939BF /* OvalError.png */; };
		A9CA470C175F777F00A939BF /* OvalError.png in Resources */ = {isa = PBXBuildFile; fileRef = A9CA4706175F777F00A939BF /* OvalError.png */; };
		A9CA470D175F777F00A939BF /* OvalError.png in Resources */ = {isa = PBXBuildFile; fileRef = A9CA4706175F777F00A939BF /* OvalError.png */; };
		A9CA470E175F777F00A939BF /* OvalError.png in Resources */ = {isa = PBXBuildFile; fileRef = A9CA4706175F777F00A939BF /* OvalError.png */; };
		A9FC269317524AAE002459FA /* DatabaseGeneral.m in Sources */ = {isa = PBXBuildFile; fileRef = A9FC269217524AAE002459FA /* DatabaseGeneral.m */; };
		A9FC269417524AAE002459FA /* DatabaseGeneral.m in Sources */ = {isa = PBXBuildFile; fileRef = A9FC269217524AAE002459FA /* DatabaseGeneral.m */; };
/* End PBXBuildFile section */

/* Begin PBXContainerItemProxy section */
		A980371317458D3100F808C3 /* PBXContainerItemProxy */ = {
			isa = PBXContainerItemProxy;
			containerPortal = A98036D517458D3100F808C3 /* Project object */;
			proxyType = 1;
			remoteGlobalIDString = A98036DC17458D3100F808C3;
			remoteInfo = MedicalProjects;
		};
		A98B2370175B80DE00D96058 /* PBXContainerItemProxy */ = {
			isa = PBXContainerItemProxy;
			containerPortal = A98036D517458D3100F808C3 /* Project object */;
			proxyType = 1;
			remoteGlobalIDString = A98036DC17458D3100F808C3;
			remoteInfo = MedicalProjects;
		};
/* End PBXContainerItemProxy section */

/* Begin PBXFileReference section */
		A90F183D1765CA4A0041F931 /* DetailViewController.h */ = {isa = PBXFileReference; fileEncoding = 4; lastKnownFileType = sourcecode.c.h; path = DetailViewController.h; sourceTree = "<group>"; };
		A90F183E1765CA4A0041F931 /* DetailViewController.m */ = {isa = PBXFileReference; fileEncoding = 4; lastKnownFileType = sourcecode.c.objc; path = DetailViewController.m; sourceTree = "<group>"; };
		A91346B21747A1A700778D9C /* MedicalProjects copy.app */ = {isa = PBXFileReference; explicitFileType = wrapper.application; includeInIndex = 0; path = "MedicalProjects copy.app"; sourceTree = BUILT_PRODUCTS_DIR; };
		A91346B31747A1A700778D9C /* MedicalProjects copy-Info.plist */ = {isa = PBXFileReference; lastKnownFileType = text.plist.xml; name = "MedicalProjects copy-Info.plist"; path = "/Users/Marco/Documents/MyProjects/MedicalProjects/MedicalProjects copy-Info.plist"; sourceTree = "<absolute>"; };
		A91346B41747A42900778D9C /* TestFirstViewController.h */ = {isa = PBXFileReference; fileEncoding = 4; lastKnownFileType = sourcecode.c.h; path = TestFirstViewController.h; sourceTree = "<group>"; };
		A91346B51747A42900778D9C /* TestFirstViewController.m */ = {isa = PBXFileReference; fileEncoding = 4; lastKnownFileType = sourcecode.c.objc; path = TestFirstViewController.m; sourceTree = "<group>"; };
		A91346B81747B19300778D9C /* WeightView.h */ = {isa = PBXFileReference; fileEncoding = 4; lastKnownFileType = sourcecode.c.h; path = WeightView.h; sourceTree = "<group>"; };
		A91346B91747B19300778D9C /* WeightView.m */ = {isa = PBXFileReference; fileEncoding = 4; lastKnownFileType = sourcecode.c.objc; path = WeightView.m; sourceTree = "<group>"; };
		A915DB19174F8DF500A33103 /* libsqlite3.dylib */ = {isa = PBXFileReference; lastKnownFileType = "compiled.mach-o.dylib"; name = libsqlite3.dylib; path = usr/lib/libsqlite3.dylib; sourceTree = SDKROOT; };
		A9412612175B87B500ED8FF6 /* B_Prepardiale.png */ = {isa = PBXFileReference; lastKnownFileType = image.png; path = B_Prepardiale.png; sourceTree = "<group>"; };
		A9412613175B87B500ED8FF6 /* B_Prepardiale@2x.png */ = {isa = PBXFileReference; lastKnownFileType = image.png; path = "B_Prepardiale@2x.png"; sourceTree = "<group>"; };
		A941261C175B888700ED8FF6 /* Botton1@2x.png */ = {isa = PBXFileReference; lastKnownFileType = image.png; path = "Botton1@2x.png"; sourceTree = "<group>"; };
		A941261D175B888700ED8FF6 /* Botton1.png */ = {isa = PBXFileReference; lastKnownFileType = image.png; path = Botton1.png; sourceTree = "<group>"; };
		A9516745175795E50058E5B4 /* MedicalProjects copy.app */ = {isa = PBXFileReference; explicitFileType = wrapper.application; includeInIndex = 0; path = "MedicalProjects copy.app"; sourceTree = BUILT_PRODUCTS_DIR; };
		A9516746175795E60058E5B4 /* MedicalProjects copy2-Info.plist */ = {isa = PBXFileReference; lastKnownFileType = text.plist.xml; name = "MedicalProjects copy2-Info.plist"; path = "/Users/Marco/Documents/MyProjects/MedicalProjects/MedicalProjects copy2-Info.plist"; sourceTree = "<absolute>"; };
		A9516765175795F40058E5B4 /* MedicalProjects copy.app */ = {isa = PBXFileReference; explicitFileType = wrapper.application; includeInIndex = 0; path = "MedicalProjects copy.app"; sourceTree = BUILT_PRODUCTS_DIR; };
		A9516766175795F40058E5B4 /* MedicalProjects copy3-Info.plist */ = {isa = PBXFileReference; lastKnownFileType = text.plist.xml; name = "MedicalProjects copy3-Info.plist"; path = "/Users/Marco/Documents/MyProjects/MedicalProjects/MedicalProjects copy3-Info.plist"; sourceTree = "<absolute>"; };
		A973B72A175E5654008251AA /* BasaleButton.png */ = {isa = PBXFileReference; lastKnownFileType = image.png; path = BasaleButton.png; sourceTree = "<group>"; };
		A973B72B175E5654008251AA /* BasaleButton@2x.png */ = {isa = PBXFileReference; lastKnownFileType = image.png; path = "BasaleButton@2x.png"; sourceTree = "<group>"; };
		A973B734175E57A2008251AA /* PreprandialeButton.png */ = {isa = PBXFileReference; lastKnownFileType = image.png; path = PreprandialeButton.png; sourceTree = "<group>"; };
		A973B735175E57A2008251AA /* PreprandialeButton@2x.png */ = {isa = PBXFileReference; lastKnownFileType = image.png; path = "PreprandialeButton@2x.png"; sourceTree = "<group>"; };
		A973B73E175E57AF008251AA /* PostprandialeButton.png */ = {isa = PBXFileReference; lastKnownFileType = image.png; path = PostprandialeButton.png; sourceTree = "<group>"; };
		A973B73F175E57AF008251AA /* PostprandialeButton@2x.png */ = {isa = PBXFileReference; lastKnownFileType = image.png; path = "PostprandialeButton@2x.png"; sourceTree = "<group>"; };
		A973B740175E57AF008251AA /* VerginButton.png */ = {isa = PBXFileReference; lastKnownFileType = image.png; path = VerginButton.png; sourceTree = "<group>"; };
		A973B741175E57AF008251AA /* VerginButton@2x.png */ = {isa = PBXFileReference; lastKnownFileType = image.png; path = "VerginButton@2x.png"; sourceTree = "<group>"; };
		A973B753175E769E008251AA /* OvalNero@2x.png */ = {isa = PBXFileReference; lastKnownFileType = image.png; path = "OvalNero@2x.png"; sourceTree = "<group>"; };
		A973B754175E769E008251AA /* OvalNero.png */ = {isa = PBXFileReference; lastKnownFileType = image.png; path = OvalNero.png; sourceTree = "<group>"; };
		A973B75D175E78D2008251AA /* OvalBlue.png */ = {isa = PBXFileReference; lastKnownFileType = image.png; path = OvalBlue.png; sourceTree = "<group>"; };
		A973B75E175E78D2008251AA /* OvalBlue@2x.png */ = {isa = PBXFileReference; lastKnownFileType = image.png; path = "OvalBlue@2x.png"; sourceTree = "<group>"; };
		A973B75F175E78D2008251AA /* OvalRed.png */ = {isa = PBXFileReference; lastKnownFileType = image.png; path = OvalRed.png; sourceTree = "<group>"; };
		A973B760175E78D2008251AA /* OvalRed@2x.png */ = {isa = PBXFileReference; lastKnownFileType = image.png; path = "OvalRed@2x.png"; sourceTree = "<group>"; };
		A975140817490E360057D66D /* DataType.h */ = {isa = PBXFileReference; fileEncoding = 4; lastKnownFileType = sourcecode.c.h; path = DataType.h; sourceTree = "<group>"; };
		A975140917490E360057D66D /* DataType.m */ = {isa = PBXFileReference; fileEncoding = 4; lastKnownFileType = sourcecode.c.objc; path = DataType.m; sourceTree = "<group>"; };
		A975140C17490EED0057D66D /* TestDataType.h */ = {isa = PBXFileReference; fileEncoding = 4; lastKnownFileType = sourcecode.c.h; path = TestDataType.h; sourceTree = "<group>"; };
		A975140D17490EED0057D66D /* TestDataType.m */ = {isa = PBXFileReference; fileEncoding = 4; lastKnownFileType = sourcecode.c.objc; path = TestDataType.m; sourceTree = "<group>"; };
		A9751418174929F10057D66D /* ListViewController.h */ = {isa = PBXFileReference; fileEncoding = 4; lastKnownFileType = sourcecode.c.h; path = ListViewController.h; sourceTree = "<group>"; };
		A9751419174929F10057D66D /* ListViewController.m */ = {isa = PBXFileReference; fileEncoding = 4; lastKnownFileType = sourcecode.c.objc; path = ListViewController.m; sourceTree = "<group>"; };
		A975141D17492A270057D66D /* Util.h */ = {isa = PBXFileReference; fileEncoding = 4; lastKnownFileType = sourcecode.c.h; path = Util.h; sourceTree = "<group>"; };
		A975141E17492A270057D66D /* Util.m */ = {isa = PBXFileReference; fileEncoding = 4; lastKnownFileType = sourcecode.c.objc; path = Util.m; sourceTree = "<group>"; };
		A98036DD17458D3100F808C3 /* MedicalProjects.app */ = {isa = PBXFileReference; explicitFileType = wrapper.application; includeInIndex = 0; path = MedicalProjects.app; sourceTree = BUILT_PRODUCTS_DIR; };
		A98036E017458D3100F808C3 /* UIKit.framework */ = {isa = PBXFileReference; lastKnownFileType = wrapper.framework; name = UIKit.framework; path = System/Library/Frameworks/UIKit.framework; sourceTree = SDKROOT; };
		A98036E217458D3100F808C3 /* Foundation.framework */ = {isa = PBXFileReference; lastKnownFileType = wrapper.framework; name = Foundation.framework; path = System/Library/Frameworks/Foundation.framework; sourceTree = SDKROOT; };
		A98036E417458D3100F808C3 /* CoreGraphics.framework */ = {isa = PBXFileReference; lastKnownFileType = wrapper.framework; name = CoreGraphics.framework; path = System/Library/Frameworks/CoreGraphics.framework; sourceTree = SDKROOT; };
		A98036E817458D3100F808C3 /* MedicalProjects-Info.plist */ = {isa = PBXFileReference; lastKnownFileType = text.plist.xml; path = "MedicalProjects-Info.plist"; sourceTree = "<group>"; };
		A98036EA17458D3100F808C3 /* en */ = {isa = PBXFileReference; lastKnownFileType = text.plist.strings; name = en; path = en.lproj/InfoPlist.strings; sourceTree = "<group>"; };
		A98036EC17458D3100F808C3 /* main.m */ = {isa = PBXFileReference; lastKnownFileType = sourcecode.c.objc; path = main.m; sourceTree = "<group>"; };
		A98036EE17458D3100F808C3 /* MedicalProjects-Prefix.pch */ = {isa = PBXFileReference; lastKnownFileType = sourcecode.c.h; path = "MedicalProjects-Prefix.pch"; sourceTree = "<group>"; };
		A98036EF17458D3100F808C3 /* AppDelegate.h */ = {isa = PBXFileReference; lastKnownFileType = sourcecode.c.h; path = AppDelegate.h; sourceTree = "<group>"; };
		A98036F017458D3100F808C3 /* AppDelegate.m */ = {isa = PBXFileReference; lastKnownFileType = sourcecode.c.objc; path = AppDelegate.m; sourceTree = "<group>"; };
		A98036F217458D3100F808C3 /* Default.png */ = {isa = PBXFileReference; lastKnownFileType = image.png; path = Default.png; sourceTree = "<group>"; };
		A98036F417458D3100F808C3 /* Default@2x.png */ = {isa = PBXFileReference; lastKnownFileType = image.png; path = "Default@2x.png"; sourceTree = "<group>"; };
		A98036F617458D3100F808C3 /* Default-568h@2x.png */ = {isa = PBXFileReference; lastKnownFileType = image.png; path = "Default-568h@2x.png"; sourceTree = "<group>"; };
		A98036F917458D3100F808C3 /* en */ = {isa = PBXFileReference; lastKnownFileType = file.storyboard; name = en; path = en.lproj/MainStoryboard.storyboard; sourceTree = "<group>"; };
		A98036FB17458D3100F808C3 /* FirstViewController.h */ = {isa = PBXFileReference; lastKnownFileType = sourcecode.c.h; path = FirstViewController.h; sourceTree = "<group>"; };
		A98036FC17458D3100F808C3 /* FirstViewController.m */ = {isa = PBXFileReference; lastKnownFileType = sourcecode.c.objc; path = FirstViewController.m; sourceTree = "<group>"; };
		A98036FE17458D3100F808C3 /* first.png */ = {isa = PBXFileReference; lastKnownFileType = image.png; path = first.png; sourceTree = "<group>"; };
		A980370017458D3100F808C3 /* first@2x.png */ = {isa = PBXFileReference; lastKnownFileType = image.png; path = "first@2x.png"; sourceTree = "<group>"; };
		A980370217458D3100F808C3 /* SecondViewController.h */ = {isa = PBXFileReference; lastKnownFileType = sourcecode.c.h; path = SecondViewController.h; sourceTree = "<group>"; };
		A980370317458D3100F808C3 /* SecondViewController.m */ = {isa = PBXFileReference; lastKnownFileType = sourcecode.c.objc; path = SecondViewController.m; sourceTree = "<group>"; };
		A980370517458D3100F808C3 /* second.png */ = {isa = PBXFileReference; lastKnownFileType = image.png; path = second.png; sourceTree = "<group>"; };
		A980370717458D3100F808C3 /* second@2x.png */ = {isa = PBXFileReference; lastKnownFileType = image.png; path = "second@2x.png"; sourceTree = "<group>"; };
		A980370E17458D3100F808C3 /* MedicalProjectsTests.octest */ = {isa = PBXFileReference; explicitFileType = wrapper.cfbundle; includeInIndex = 0; path = MedicalProjectsTests.octest; sourceTree = BUILT_PRODUCTS_DIR; };
		A980370F17458D3100F808C3 /* SenTestingKit.framework */ = {isa = PBXFileReference; lastKnownFileType = wrapper.framework; name = SenTestingKit.framework; path = Library/Frameworks/SenTestingKit.framework; sourceTree = DEVELOPER_DIR; };
		A980371717458D3100F808C3 /* MedicalProjectsTests-Info.plist */ = {isa = PBXFileReference; lastKnownFileType = text.plist.xml; path = "MedicalProjectsTests-Info.plist"; sourceTree = "<group>"; };
		A980371917458D3100F808C3 /* en */ = {isa = PBXFileReference; lastKnownFileType = text.plist.strings; name = en; path = en.lproj/InfoPlist.strings; sourceTree = "<group>"; };
		A980371B17458D3100F808C3 /* MedicalProjectsTests.h */ = {isa = PBXFileReference; lastKnownFileType = sourcecode.c.h; path = MedicalProjectsTests.h; sourceTree = "<group>"; };
		A980371C17458D3100F808C3 /* MedicalProjectsTests.m */ = {isa = PBXFileReference; lastKnownFileType = sourcecode.c.objc; path = MedicalProjectsTests.m; sourceTree = "<group>"; };
		A980372717458D5B00F808C3 /* Database.h */ = {isa = PBXFileReference; fileEncoding = 4; lastKnownFileType = sourcecode.c.h; path = Database.h; sourceTree = "<group>"; };
		A980372817458D5B00F808C3 /* Database.m */ = {isa = PBXFileReference; fileEncoding = 4; lastKnownFileType = sourcecode.c.objc; path = Database.m; sourceTree = "<group>"; };
		A980372A17458DBA00F808C3 /* libsqlite3.0.dylib */ = {isa = PBXFileReference; lastKnownFileType = "compiled.mach-o.dylib"; name = libsqlite3.0.dylib; path = usr/lib/libsqlite3.0.dylib; sourceTree = SDKROOT; };
		A980372C1745909000F808C3 /* TestDatabase.h */ = {isa = PBXFileReference; fileEncoding = 4; lastKnownFileType = sourcecode.c.h; path = TestDatabase.h; sourceTree = "<group>"; };
		A980372D1745909000F808C3 /* TestDatabase.m */ = {isa = PBXFileReference; fileEncoding = 4; lastKnownFileType = sourcecode.c.objc; path = TestDatabase.m; sourceTree = "<group>"; };
		A98B236B175B7C1800D96058 /* TestUtil.h */ = {isa = PBXFileReference; fileEncoding = 4; lastKnownFileType = sourcecode.c.h; path = TestUtil.h; sourceTree = "<group>"; };
		A98B236C175B7C1800D96058 /* TestUtil.m */ = {isa = PBXFileReference; fileEncoding = 4; lastKnownFileType = sourcecode.c.objc; path = TestUtil.m; sourceTree = "<group>"; };
		A98B2383175B80DE00D96058 /* MedicalProjectsTests copy.octest */ = {isa = PBXFileReference; explicitFileType = wrapper.cfbundle; includeInIndex = 0; path = "MedicalProjectsTests copy.octest"; sourceTree = BUILT_PRODUCTS_DIR; };
		A98B2384175B80DE00D96058 /* MedicalProjectsTests copy-Info.plist */ = {isa = PBXFileReference; lastKnownFileType = text.plist.xml; name = "MedicalProjectsTests copy-Info.plist"; path = "/Users/Marco/Documents/MyProjects/MedicalProjects/MedicalProjectsTests copy-Info.plist"; sourceTree = "<absolute>"; };
		A9CA4705175F777F00A939BF /* OvalError@2x.png */ = {isa = PBXFileReference; lastKnownFileType = image.png; path = "OvalError@2x.png"; sourceTree = "<group>"; };
		A9CA4706175F777F00A939BF /* OvalError.png */ = {isa = PBXFileReference; lastKnownFileType = image.png; path = OvalError.png; sourceTree = "<group>"; };
		A9E19B54176758E100F74FA2 /* po.m */ = {isa = PBXFileReference; lastKnownFileType = sourcecode.c.objc; path = po.m; sourceTree = "<group>"; };
		A9FC269117524AAE002459FA /* DatabaseGeneral.h */ = {isa = PBXFileReference; fileEncoding = 4; lastKnownFileType = sourcecode.c.h; path = DatabaseGeneral.h; sourceTree = "<group>"; };
		A9FC269217524AAE002459FA /* DatabaseGeneral.m */ = {isa = PBXFileReference; fileEncoding = 4; lastKnownFileType = sourcecode.c.objc; path = DatabaseGeneral.m; sourceTree = "<group>"; };
/* End PBXFileReference section */

/* Begin PBXFrameworksBuildPhase section */
		A91346A01747A1A700778D9C /* Frameworks */ = {
			isa = PBXFrameworksBuildPhase;
			buildActionMask = 2147483647;
			files = (
				A91346A11747A1A700778D9C /* libsqlite3.0.dylib in Frameworks */,
				A91346A21747A1A700778D9C /* UIKit.framework in Frameworks */,
				A91346A31747A1A700778D9C /* Foundation.framework in Frameworks */,
				A91346A41747A1A700778D9C /* CoreGraphics.framework in Frameworks */,
			);
			runOnlyForDeploymentPostprocessing = 0;
		};
		A9516733175795E50058E5B4 /* Frameworks */ = {
			isa = PBXFrameworksBuildPhase;
			buildActionMask = 2147483647;
			files = (
				A9516734175795E50058E5B4 /* libsqlite3.0.dylib in Frameworks */,
				A9516735175795E50058E5B4 /* UIKit.framework in Frameworks */,
				A9516736175795E50058E5B4 /* Foundation.framework in Frameworks */,
				A9516737175795E50058E5B4 /* CoreGraphics.framework in Frameworks */,
			);
			runOnlyForDeploymentPostprocessing = 0;
		};
		A9516753175795F40058E5B4 /* Frameworks */ = {
			isa = PBXFrameworksBuildPhase;
			buildActionMask = 2147483647;
			files = (
				A9516754175795F40058E5B4 /* libsqlite3.0.dylib in Frameworks */,
				A9516755175795F40058E5B4 /* UIKit.framework in Frameworks */,
				A9516756175795F40058E5B4 /* Foundation.framework in Frameworks */,
				A9516757175795F40058E5B4 /* CoreGraphics.framework in Frameworks */,
			);
			runOnlyForDeploymentPostprocessing = 0;
		};
		A98036DA17458D3100F808C3 /* Frameworks */ = {
			isa = PBXFrameworksBuildPhase;
			buildActionMask = 2147483647;
			files = (
				A980372B17458DBA00F808C3 /* libsqlite3.0.dylib in Frameworks */,
				A98036E117458D3100F808C3 /* UIKit.framework in Frameworks */,
				A98036E317458D3100F808C3 /* Foundation.framework in Frameworks */,
				A98036E517458D3100F808C3 /* CoreGraphics.framework in Frameworks */,
			);
			runOnlyForDeploymentPostprocessing = 0;
		};
		A980370A17458D3100F808C3 /* Frameworks */ = {
			isa = PBXFrameworksBuildPhase;
			buildActionMask = 2147483647;
			files = (
				A915DB1A174F8DF500A33103 /* libsqlite3.dylib in Frameworks */,
				A915DB18174F8DF500A33103 /* libsqlite3.0.dylib in Frameworks */,
				A980371017458D3100F808C3 /* SenTestingKit.framework in Frameworks */,
				A980371117458D3100F808C3 /* UIKit.framework in Frameworks */,
				A980371217458D3100F808C3 /* Foundation.framework in Frameworks */,
			);
			runOnlyForDeploymentPostprocessing = 0;
		};
		A98B2377175B80DE00D96058 /* Frameworks */ = {
			isa = PBXFrameworksBuildPhase;
			buildActionMask = 2147483647;
			files = (
				A98B2378175B80DE00D96058 /* libsqlite3.dylib in Frameworks */,
				A98B2379175B80DE00D96058 /* libsqlite3.0.dylib in Frameworks */,
				A98B237A175B80DE00D96058 /* SenTestingKit.framework in Frameworks */,
				A98B237B175B80DE00D96058 /* UIKit.framework in Frameworks */,
				A98B237C175B80DE00D96058 /* Foundation.framework in Frameworks */,
			);
			runOnlyForDeploymentPostprocessing = 0;
		};
/* End PBXFrameworksBuildPhase section */

/* Begin PBXGroup section */
		A91346981747A18E00778D9C /* Controllers */ = {
			isa = PBXGroup;
			children = (
				A98036FB17458D3100F808C3 /* FirstViewController.h */,
				A98036FC17458D3100F808C3 /* FirstViewController.m */,
				A9751418174929F10057D66D /* ListViewController.h */,
				A9751419174929F10057D66D /* ListViewController.m */,
				A90F183D1765CA4A0041F931 /* DetailViewController.h */,
				A90F183E1765CA4A0041F931 /* DetailViewController.m */,
				A9751417174929BC0057D66D /* Tests */,
				A9E19B54176758E100F74FA2 /* po.m */,
			);
			name = Controllers;
			sourceTree = "<group>";
		};
		A91346B71747B16300778D9C /* Views */ = {
			isa = PBXGroup;
			children = (
				A91346B81747B19300778D9C /* WeightView.h */,
				A91346B91747B19300778D9C /* WeightView.m */,
			);
			name = Views;
			sourceTree = "<group>";
		};
		A9412610175B879A00ED8FF6 /* Immagini */ = {
			isa = PBXGroup;
			children = (
				A9412611175B87A400ED8FF6 /* Bottoni */,
			);
			name = Immagini;
			sourceTree = "<group>";
		};
		A9412611175B87A400ED8FF6 /* Bottoni */ = {
			isa = PBXGroup;
			children = (
				A973B752175E7685008251AA /* OLD */,
				A973B740175E57AF008251AA /* VerginButton.png */,
				A973B741175E57AF008251AA /* VerginButton@2x.png */,
				A9CA4704175F777200A939BF /* OVAL */,
			);
			name = Bottoni;
			sourceTree = "<group>";
		};
		A973B752175E7685008251AA /* OLD */ = {
			isa = PBXGroup;
			children = (
				A973B73E175E57AF008251AA /* PostprandialeButton.png */,
				A973B73F175E57AF008251AA /* PostprandialeButton@2x.png */,
				A973B734175E57A2008251AA /* PreprandialeButton.png */,
				A973B735175E57A2008251AA /* PreprandialeButton@2x.png */,
				A973B72A175E5654008251AA /* BasaleButton.png */,
				A973B72B175E5654008251AA /* BasaleButton@2x.png */,
				A941261C175B888700ED8FF6 /* Botton1@2x.png */,
				A941261D175B888700ED8FF6 /* Botton1.png */,
				A9412612175B87B500ED8FF6 /* B_Prepardiale.png */,
				A9412613175B87B500ED8FF6 /* B_Prepardiale@2x.png */,
			);
			name = OLD;
			sourceTree = "<group>";
		};
		A975140717490E0C0057D66D /* Models */ = {
			isa = PBXGroup;
			children = (
			);
			name = Models;
			sourceTree = "<group>";
		};
		A975140F174910FA0057D66D /* Lib */ = {
			isa = PBXGroup;
			children = (
				A975141C17492A0A0057D66D /* Tests */,
				A975140817490E360057D66D /* DataType.h */,
				A975140917490E360057D66D /* DataType.m */,
				A975141D17492A270057D66D /* Util.h */,
				A975141E17492A270057D66D /* Util.m */,
			);
			name = Lib;
			sourceTree = "<group>";
		};
		A9751417174929BC0057D66D /* Tests */ = {
			isa = PBXGroup;
			children = (
				A91346B41747A42900778D9C /* TestFirstViewController.h */,
				A91346B51747A42900778D9C /* TestFirstViewController.m */,
			);
			name = Tests;
			sourceTree = "<group>";
		};
		A975141C17492A0A0057D66D /* Tests */ = {
			isa = PBXGroup;
			children = (
				A975140C17490EED0057D66D /* TestDataType.h */,
				A975140D17490EED0057D66D /* TestDataType.m */,
				A98B236B175B7C1800D96058 /* TestUtil.h */,
				A98B236C175B7C1800D96058 /* TestUtil.m */,
			);
			name = Tests;
			sourceTree = "<group>";
		};
		A98036D417458D3100F808C3 = {
			isa = PBXGroup;
			children = (
				A9412610175B879A00ED8FF6 /* Immagini */,
				A915DB19174F8DF500A33103 /* libsqlite3.dylib */,
				A980372A17458DBA00F808C3 /* libsqlite3.0.dylib */,
				A98036E617458D3100F808C3 /* MedicalProjects */,
				A980371517458D3100F808C3 /* MedicalProjectsTests */,
				A98036DF17458D3100F808C3 /* Frameworks */,
				A98036DE17458D3100F808C3 /* Products */,
				A91346B31747A1A700778D9C /* MedicalProjects copy-Info.plist */,
				A9516746175795E60058E5B4 /* MedicalProjects copy2-Info.plist */,
				A9516766175795F40058E5B4 /* MedicalProjects copy3-Info.plist */,
				A98B2384175B80DE00D96058 /* MedicalProjectsTests copy-Info.plist */,
			);
			sourceTree = "<group>";
		};
		A98036DE17458D3100F808C3 /* Products */ = {
			isa = PBXGroup;
			children = (
				A98036DD17458D3100F808C3 /* MedicalProjects.app */,
				A980370E17458D3100F808C3 /* MedicalProjectsTests.octest */,
				A91346B21747A1A700778D9C /* MedicalProjects copy.app */,
				A9516745175795E50058E5B4 /* MedicalProjects copy.app */,
				A9516765175795F40058E5B4 /* MedicalProjects copy.app */,
				A98B2383175B80DE00D96058 /* MedicalProjectsTests copy.octest */,
			);
			name = Products;
			sourceTree = "<group>";
		};
		A98036DF17458D3100F808C3 /* Frameworks */ = {
			isa = PBXGroup;
			children = (
				A98036E017458D3100F808C3 /* UIKit.framework */,
				A98036E217458D3100F808C3 /* Foundation.framework */,
				A98036E417458D3100F808C3 /* CoreGraphics.framework */,
				A980370F17458D3100F808C3 /* SenTestingKit.framework */,
			);
			name = Frameworks;
			sourceTree = "<group>";
		};
		A98036E617458D3100F808C3 /* MedicalProjects */ = {
			isa = PBXGroup;
			children = (
				A975140F174910FA0057D66D /* Lib */,
				A975140717490E0C0057D66D /* Models */,
				A91346B71747B16300778D9C /* Views */,
				A91346981747A18E00778D9C /* Controllers */,
				A980372617458D4700F808C3 /* Database */,
				A98036EF17458D3100F808C3 /* AppDelegate.h */,
				A98036F017458D3100F808C3 /* AppDelegate.m */,
				A98036F817458D3100F808C3 /* MainStoryboard.storyboard */,
				A98036FE17458D3100F808C3 /* first.png */,
				A980370017458D3100F808C3 /* first@2x.png */,
				A980370217458D3100F808C3 /* SecondViewController.h */,
				A980370317458D3100F808C3 /* SecondViewController.m */,
				A980370517458D3100F808C3 /* second.png */,
				A980370717458D3100F808C3 /* second@2x.png */,
				A98036E717458D3100F808C3 /* Supporting Files */,
			);
			path = MedicalProjects;
			sourceTree = "<group>";
		};
		A98036E717458D3100F808C3 /* Supporting Files */ = {
			isa = PBXGroup;
			children = (
				A98036E817458D3100F808C3 /* MedicalProjects-Info.plist */,
				A98036E917458D3100F808C3 /* InfoPlist.strings */,
				A98036EC17458D3100F808C3 /* main.m */,
				A98036EE17458D3100F808C3 /* MedicalProjects-Prefix.pch */,
				A98036F217458D3100F808C3 /* Default.png */,
				A98036F417458D3100F808C3 /* Default@2x.png */,
				A98036F617458D3100F808C3 /* Default-568h@2x.png */,
			);
			name = "Supporting Files";
			sourceTree = "<group>";
		};
		A980371517458D3100F808C3 /* MedicalProjectsTests */ = {
			isa = PBXGroup;
			children = (
				A980371B17458D3100F808C3 /* MedicalProjectsTests.h */,
				A980371C17458D3100F808C3 /* MedicalProjectsTests.m */,
				A980371617458D3100F808C3 /* Supporting Files */,
			);
			path = MedicalProjectsTests;
			sourceTree = "<group>";
		};
		A980371617458D3100F808C3 /* Supporting Files */ = {
			isa = PBXGroup;
			children = (
				A980371717458D3100F808C3 /* MedicalProjectsTests-Info.plist */,
				A980371817458D3100F808C3 /* InfoPlist.strings */,
			);
			name = "Supporting Files";
			sourceTree = "<group>";
		};
		A980372617458D4700F808C3 /* Database */ = {
			isa = PBXGroup;
			children = (
				A9FC269117524AAE002459FA /* DatabaseGeneral.h */,
				A9FC269217524AAE002459FA /* DatabaseGeneral.m */,
				A980372717458D5B00F808C3 /* Database.h */,
				A980372817458D5B00F808C3 /* Database.m */,
				A980372C1745909000F808C3 /* TestDatabase.h */,
				A980372D1745909000F808C3 /* TestDatabase.m */,
			);
			name = Database;
			sourceTree = "<group>";
		};
		A9CA4704175F777200A939BF /* OVAL */ = {
			isa = PBXGroup;
			children = (
				A9CA4705175F777F00A939BF /* OvalError@2x.png */,
				A9CA4706175F777F00A939BF /* OvalError.png */,
				A973B753175E769E008251AA /* OvalNero@2x.png */,
				A973B754175E769E008251AA /* OvalNero.png */,
				A973B75D175E78D2008251AA /* OvalBlue.png */,
				A973B75E175E78D2008251AA /* OvalBlue@2x.png */,
				A973B75F175E78D2008251AA /* OvalRed.png */,
				A973B760175E78D2008251AA /* OvalRed@2x.png */,
			);
			name = OVAL;
			sourceTree = "<group>";
		};
/* End PBXGroup section */

/* Begin PBXNativeTarget section */
		A91346991747A1A700778D9C /* aWeights */ = {
			isa = PBXNativeTarget;
			buildConfigurationList = A91346AF1747A1A700778D9C /* Build configuration list for PBXNativeTarget "aWeights" */;
			buildPhases = (
				A913469A1747A1A700778D9C /* Sources */,
				A91346A01747A1A700778D9C /* Frameworks */,
				A91346A51747A1A700778D9C /* Resources */,
			);
			buildRules = (
			);
			dependencies = (
			);
			name = aWeights;
			productName = MedicalProjects;
			productReference = A91346B21747A1A700778D9C /* MedicalProjects copy.app */;
			productType = "com.apple.product-type.application";
		};
		A9516727175795E50058E5B4 /* aPressure */ = {
			isa = PBXNativeTarget;
			buildConfigurationList = A9516742175795E50058E5B4 /* Build configuration list for PBXNativeTarget "aPressure" */;
			buildPhases = (
				A9516728175795E50058E5B4 /* Sources */,
				A9516733175795E50058E5B4 /* Frameworks */,
				A9516738175795E50058E5B4 /* Resources */,
			);
			buildRules = (
			);
			dependencies = (
			);
			name = aPressure;
			productName = MedicalProjects;
			productReference = A9516745175795E50058E5B4 /* MedicalProjects copy.app */;
			productType = "com.apple.product-type.application";
		};
		A9516747175795F40058E5B4 /* aGlucose */ = {
			isa = PBXNativeTarget;
			buildConfigurationList = A9516762175795F40058E5B4 /* Build configuration list for PBXNativeTarget "aGlucose" */;
			buildPhases = (
				A9516748175795F40058E5B4 /* Sources */,
				A9516753175795F40058E5B4 /* Frameworks */,
				A9516758175795F40058E5B4 /* Resources */,
			);
			buildRules = (
			);
			dependencies = (
			);
			name = aGlucose;
			productName = MedicalProjects;
			productReference = A9516765175795F40058E5B4 /* MedicalProjects copy.app */;
			productType = "com.apple.product-type.application";
		};
		A98036DC17458D3100F808C3 /* MedicalProjects */ = {
			isa = PBXNativeTarget;
			buildConfigurationList = A980372017458D3100F808C3 /* Build configuration list for PBXNativeTarget "MedicalProjects" */;
			buildPhases = (
				A98036D917458D3100F808C3 /* Sources */,
				A98036DA17458D3100F808C3 /* Frameworks */,
				A98036DB17458D3100F808C3 /* Resources */,
			);
			buildRules = (
			);
			dependencies = (
			);
			name = MedicalProjects;
			productName = MedicalProjects;
			productReference = A98036DD17458D3100F808C3 /* MedicalProjects.app */;
			productType = "com.apple.product-type.application";
		};
		A980370D17458D3100F808C3 /* MedicalProjectsTests */ = {
			isa = PBXNativeTarget;
			buildConfigurationList = A980372317458D3100F808C3 /* Build configuration list for PBXNativeTarget "MedicalProjectsTests" */;
			buildPhases = (
				A980370917458D3100F808C3 /* Sources */,
				A980370A17458D3100F808C3 /* Frameworks */,
				A980370B17458D3100F808C3 /* Resources */,
				A980370C17458D3100F808C3 /* ShellScript */,
			);
			buildRules = (
			);
			dependencies = (
				A980371417458D3100F808C3 /* PBXTargetDependency */,
			);
			name = MedicalProjectsTests;
			productName = MedicalProjectsTests;
			productReference = A980370E17458D3100F808C3 /* MedicalProjectsTests.octest */;
			productType = "com.apple.product-type.bundle";
		};
		A98B236E175B80DE00D96058 /* aWeightsTests */ = {
			isa = PBXNativeTarget;
			buildConfigurationList = A98B2380175B80DE00D96058 /* Build configuration list for PBXNativeTarget "aWeightsTests" */;
			buildPhases = (
				A98B2371175B80DE00D96058 /* Sources */,
				A98B2377175B80DE00D96058 /* Frameworks */,
				A98B237D175B80DE00D96058 /* Resources */,
				A98B237F175B80DE00D96058 /* ShellScript */,
			);
			buildRules = (
			);
			dependencies = (
				A98B236F175B80DE00D96058 /* PBXTargetDependency */,
			);
			name = aWeightsTests;
			productName = MedicalProjectsTests;
			productReference = A98B2383175B80DE00D96058 /* MedicalProjectsTests copy.octest */;
			productType = "com.apple.product-type.bundle";
		};
/* End PBXNativeTarget section */

/* Begin PBXProject section */
		A98036D517458D3100F808C3 /* Project object */ = {
			isa = PBXProject;
			attributes = {
				LastUpgradeCheck = 0460;
				ORGANIZATIONNAME = Algos;
			};
			buildConfigurationList = A98036D817458D3100F808C3 /* Build configuration list for PBXProject "MedicalProjects" */;
			compatibilityVersion = "Xcode 3.2";
			developmentRegion = English;
			hasScannedForEncodings = 0;
			knownRegions = (
				en,
			);
			mainGroup = A98036D417458D3100F808C3;
			productRefGroup = A98036DE17458D3100F808C3 /* Products */;
			projectDirPath = "";
			projectRoot = "";
			targets = (
				A98036DC17458D3100F808C3 /* MedicalProjects */,
				A980370D17458D3100F808C3 /* MedicalProjectsTests */,
				A91346991747A1A700778D9C /* aWeights */,
				A9516727175795E50058E5B4 /* aPressure */,
				A9516747175795F40058E5B4 /* aGlucose */,
				A98B236E175B80DE00D96058 /* aWeightsTests */,
			);
		};
/* End PBXProject section */

/* Begin PBXResourcesBuildPhase section */
		A91346A51747A1A700778D9C /* Resources */ = {
			isa = PBXResourcesBuildPhase;
			buildActionMask = 2147483647;
			files = (
				A91346A61747A1A700778D9C /* InfoPlist.strings in Resources */,
				A91346A71747A1A700778D9C /* Default.png in Resources */,
				A91346A81747A1A700778D9C /* Default@2x.png in Resources */,
				A91346A91747A1A700778D9C /* Default-568h@2x.png in Resources */,
				A91346AA1747A1A700778D9C /* MainStoryboard.storyboard in Resources */,
				A91346AB1747A1A700778D9C /* first.png in Resources */,
				A91346AC1747A1A700778D9C /* first@2x.png in Resources */,
				A91346AD1747A1A700778D9C /* second.png in Resources */,
				A91346AE1747A1A700778D9C /* second@2x.png in Resources */,
				A9412615175B87B500ED8FF6 /* B_Prepardiale.png in Resources */,
				A9412619175B87B500ED8FF6 /* B_Prepardiale@2x.png in Resources */,
				A941261F175B888700ED8FF6 /* Botton1@2x.png in Resources */,
				A9412623175B888700ED8FF6 /* Botton1.png in Resources */,
				A973B72D175E5654008251AA /* BasaleButton.png in Resources */,
				A973B731175E5654008251AA /* BasaleButton@2x.png in Resources */,
				A973B737175E57A2008251AA /* PreprandialeButton.png in Resources */,
				A973B73B175E57A2008251AA /* PreprandialeButton@2x.png in Resources */,
				A973B743175E57AF008251AA /* PostprandialeButton.png in Resources */,
				A973B747175E57AF008251AA /* PostprandialeButton@2x.png in Resources */,
				A973B74B175E57AF008251AA /* VerginButton.png in Resources */,
				A973B74F175E57AF008251AA /* VerginButton@2x.png in Resources */,
				A973B756175E769E008251AA /* OvalNero@2x.png in Resources */,
				A973B75A175E769E008251AA /* OvalNero.png in Resources */,
				A973B762175E78D2008251AA /* OvalBlue.png in Resources */,
				A973B766175E78D2008251AA /* OvalBlue@2x.png in Resources */,
				A973B76A175E78D2008251AA /* OvalRed.png in Resources */,
				A973B76E175E78D2008251AA /* OvalRed@2x.png in Resources */,
				A9CA4708175F777F00A939BF /* OvalError@2x.png in Resources */,
				A9CA470C175F777F00A939BF /* OvalError.png in Resources */,
			);
			runOnlyForDeploymentPostprocessing = 0;
		};
		A9516738175795E50058E5B4 /* Resources */ = {
			isa = PBXResourcesBuildPhase;
			buildActionMask = 2147483647;
			files = (
				A9516739175795E50058E5B4 /* InfoPlist.strings in Resources */,
				A951673A175795E50058E5B4 /* Default.png in Resources */,
				A951673B175795E50058E5B4 /* Default@2x.png in Resources */,
				A951673C175795E50058E5B4 /* Default-568h@2x.png in Resources */,
				A951673D175795E50058E5B4 /* MainStoryboard.storyboard in Resources */,
				A951673E175795E50058E5B4 /* first.png in Resources */,
				A951673F175795E50058E5B4 /* first@2x.png in Resources */,
				A9516740175795E50058E5B4 /* second.png in Resources */,
				A9516741175795E50058E5B4 /* second@2x.png in Resources */,
				A9412616175B87B500ED8FF6 /* B_Prepardiale.png in Resources */,
				A941261A175B87B500ED8FF6 /* B_Prepardiale@2x.png in Resources */,
				A9412620175B888700ED8FF6 /* Botton1@2x.png in Resources */,
				A9412624175B888700ED8FF6 /* Botton1.png in Resources */,
				A973B72E175E5654008251AA /* BasaleButton.png in Resources */,
				A973B732175E5654008251AA /* BasaleButton@2x.png in Resources */,
				A973B738175E57A2008251AA /* PreprandialeButton.png in Resources */,
				A973B73C175E57A2008251AA /* PreprandialeButton@2x.png in Resources */,
				A973B744175E57AF008251AA /* PostprandialeButton.png in Resources */,
				A973B748175E57AF008251AA /* PostprandialeButton@2x.png in Resources */,
				A973B74C175E57AF008251AA /* VerginButton.png in Resources */,
				A973B750175E57AF008251AA /* VerginButton@2x.png in Resources */,
				A973B757175E769E008251AA /* OvalNero@2x.png in Resources */,
				A973B75B175E769E008251AA /* OvalNero.png in Resources */,
				A973B763175E78D2008251AA /* OvalBlue.png in Resources */,
				A973B767175E78D2008251AA /* OvalBlue@2x.png in Resources */,
				A973B76B175E78D2008251AA /* OvalRed.png in Resources */,
				A973B76F175E78D2008251AA /* OvalRed@2x.png in Resources */,
				A9CA4709175F777F00A939BF /* OvalError@2x.png in Resources */,
				A9CA470D175F777F00A939BF /* OvalError.png in Resources */,
			);
			runOnlyForDeploymentPostprocessing = 0;
		};
		A9516758175795F40058E5B4 /* Resources */ = {
			isa = PBXResourcesBuildPhase;
			buildActionMask = 2147483647;
			files = (
				A9516759175795F40058E5B4 /* InfoPlist.strings in Resources */,
				A951675A175795F40058E5B4 /* Default.png in Resources */,
				A951675B175795F40058E5B4 /* Default@2x.png in Resources */,
				A951675C175795F40058E5B4 /* Default-568h@2x.png in Resources */,
				A951675D175795F40058E5B4 /* MainStoryboard.storyboard in Resources */,
				A951675E175795F40058E5B4 /* first.png in Resources */,
				A951675F175795F40058E5B4 /* first@2x.png in Resources */,
				A9516760175795F40058E5B4 /* second.png in Resources */,
				A9516761175795F40058E5B4 /* second@2x.png in Resources */,
				A9412617175B87B500ED8FF6 /* B_Prepardiale.png in Resources */,
				A941261B175B87B500ED8FF6 /* B_Prepardiale@2x.png in Resources */,
				A9412621175B888700ED8FF6 /* Botton1@2x.png in Resources */,
				A9412625175B888700ED8FF6 /* Botton1.png in Resources */,
				A973B72F175E5654008251AA /* BasaleButton.png in Resources */,
				A973B733175E5654008251AA /* BasaleButton@2x.png in Resources */,
				A973B739175E57A2008251AA /* PreprandialeButton.png in Resources */,
				A973B73D175E57A2008251AA /* PreprandialeButton@2x.png in Resources */,
				A973B745175E57AF008251AA /* PostprandialeButton.png in Resources */,
				A973B749175E57AF008251AA /* PostprandialeButton@2x.png in Resources */,
				A973B74D175E57AF008251AA /* VerginButton.png in Resources */,
				A973B751175E57AF008251AA /* VerginButton@2x.png in Resources */,
				A973B758175E769E008251AA /* OvalNero@2x.png in Resources */,
				A973B75C175E769E008251AA /* OvalNero.png in Resources */,
				A973B764175E78D2008251AA /* OvalBlue.png in Resources */,
				A973B768175E78D2008251AA /* OvalBlue@2x.png in Resources */,
				A973B76C175E78D2008251AA /* OvalRed.png in Resources */,
				A973B770175E78D2008251AA /* OvalRed@2x.png in Resources */,
				A9CA470A175F777F00A939BF /* OvalError@2x.png in Resources */,
				A9CA470E175F777F00A939BF /* OvalError.png in Resources */,
			);
			runOnlyForDeploymentPostprocessing = 0;
		};
		A98036DB17458D3100F808C3 /* Resources */ = {
			isa = PBXResourcesBuildPhase;
			buildActionMask = 2147483647;
			files = (
				A98036EB17458D3100F808C3 /* InfoPlist.strings in Resources */,
				A98036F317458D3100F808C3 /* Default.png in Resources */,
				A98036F517458D3100F808C3 /* Default@2x.png in Resources */,
				A98036F717458D3100F808C3 /* Default-568h@2x.png in Resources */,
				A98036FA17458D3100F808C3 /* MainStoryboard.storyboard in Resources */,
				A98036FF17458D3100F808C3 /* first.png in Resources */,
				A980370117458D3100F808C3 /* first@2x.png in Resources */,
				A980370617458D3100F808C3 /* second.png in Resources */,
				A980370817458D3100F808C3 /* second@2x.png in Resources */,
				A9412614175B87B500ED8FF6 /* B_Prepardiale.png in Resources */,
				A9412618175B87B500ED8FF6 /* B_Prepardiale@2x.png in Resources */,
				A941261E175B888700ED8FF6 /* Botton1@2x.png in Resources */,
				A9412622175B888700ED8FF6 /* Botton1.png in Resources */,
				A973B72C175E5654008251AA /* BasaleButton.png in Resources */,
				A973B730175E5654008251AA /* BasaleButton@2x.png in Resources */,
				A973B736175E57A2008251AA /* PreprandialeButton.png in Resources */,
				A973B73A175E57A2008251AA /* PreprandialeButton@2x.png in Resources */,
				A973B742175E57AF008251AA /* PostprandialeButton.png in Resources */,
				A973B746175E57AF008251AA /* PostprandialeButton@2x.png in Resources */,
				A973B74A175E57AF008251AA /* VerginButton.png in Resources */,
				A973B74E175E57AF008251AA /* VerginButton@2x.png in Resources */,
				A973B755175E769E008251AA /* OvalNero@2x.png in Resources */,
				A973B759175E769E008251AA /* OvalNero.png in Resources */,
				A973B761175E78D2008251AA /* OvalBlue.png in Resources */,
				A973B765175E78D2008251AA /* OvalBlue@2x.png in Resources */,
				A973B769175E78D2008251AA /* OvalRed.png in Resources */,
				A973B76D175E78D2008251AA /* OvalRed@2x.png in Resources */,
				A9CA4707175F777F00A939BF /* OvalError@2x.png in Resources */,
				A9CA470B175F777F00A939BF /* OvalError.png in Resources */,
			);
			runOnlyForDeploymentPostprocessing = 0;
		};
		A980370B17458D3100F808C3 /* Resources */ = {
			isa = PBXResourcesBuildPhase;
			buildActionMask = 2147483647;
			files = (
				A980371A17458D3100F808C3 /* InfoPlist.strings in Resources */,
			);
			runOnlyForDeploymentPostprocessing = 0;
		};
		A98B237D175B80DE00D96058 /* Resources */ = {
			isa = PBXResourcesBuildPhase;
			buildActionMask = 2147483647;
			files = (
				A98B237E175B80DE00D96058 /* InfoPlist.strings in Resources */,
			);
			runOnlyForDeploymentPostprocessing = 0;
		};
/* End PBXResourcesBuildPhase section */

/* Begin PBXShellScriptBuildPhase section */
		A980370C17458D3100F808C3 /* ShellScript */ = {
			isa = PBXShellScriptBuildPhase;
			buildActionMask = 2147483647;
			files = (
			);
			inputPaths = (
			);
			outputPaths = (
			);
			runOnlyForDeploymentPostprocessing = 0;
			shellPath = /bin/sh;
			shellScript = "# Run the unit tests in this test bundle.\n\"${SYSTEM_DEVELOPER_DIR}/Tools/RunUnitTests\"\n";
		};
		A98B237F175B80DE00D96058 /* ShellScript */ = {
			isa = PBXShellScriptBuildPhase;
			buildActionMask = 2147483647;
			files = (
			);
			inputPaths = (
			);
			outputPaths = (
			);
			runOnlyForDeploymentPostprocessing = 0;
			shellPath = /bin/sh;
			shellScript = "# Run the unit tests in this test bundle.\n\"${SYSTEM_DEVELOPER_DIR}/Tools/RunUnitTests\"\n";
		};
/* End PBXShellScriptBuildPhase section */

/* Begin PBXSourcesBuildPhase section */
		A913469A1747A1A700778D9C /* Sources */ = {
			isa = PBXSourcesBuildPhase;
			buildActionMask = 2147483647;
			files = (
				A975140B17490E690057D66D /* DataType.m in Sources */,
				A913469B1747A1A700778D9C /* main.m in Sources */,
				A913469C1747A1A700778D9C /* AppDelegate.m in Sources */,
				A913469D1747A1A700778D9C /* FirstViewController.m in Sources */,
				A913469E1747A1A700778D9C /* SecondViewController.m in Sources */,
				A913469F1747A1A700778D9C /* Database.m in Sources */,
				A91346BB1747B19300778D9C /* WeightView.m in Sources */,
				A975141B174929F20057D66D /* ListViewController.m in Sources */,
				A975142017492A270057D66D /* Util.m in Sources */,
				A9FC269417524AAE002459FA /* DatabaseGeneral.m in Sources */,
				A90F18401765CA4A0041F931 /* DetailViewController.m in Sources */,
			);
			runOnlyForDeploymentPostprocessing = 0;
		};
		A9516728175795E50058E5B4 /* Sources */ = {
			isa = PBXSourcesBuildPhase;
			buildActionMask = 2147483647;
			files = (
				A9516729175795E50058E5B4 /* main.m in Sources */,
				A951672A175795E50058E5B4 /* AppDelegate.m in Sources */,
				A951672B175795E50058E5B4 /* FirstViewController.m in Sources */,
				A951672C175795E50058E5B4 /* SecondViewController.m in Sources */,
				A951672D175795E50058E5B4 /* Database.m in Sources */,
				A951672E175795E50058E5B4 /* WeightView.m in Sources */,
				A951672F175795E50058E5B4 /* DataType.m in Sources */,
				A9516730175795E50058E5B4 /* ListViewController.m in Sources */,
				A9516731175795E50058E5B4 /* Util.m in Sources */,
				A9516732175795E50058E5B4 /* DatabaseGeneral.m in Sources */,
				A90F18411765CA4A0041F931 /* DetailViewController.m in Sources */,
			);
			runOnlyForDeploymentPostprocessing = 0;
		};
		A9516748175795F40058E5B4 /* Sources */ = {
			isa = PBXSourcesBuildPhase;
			buildActionMask = 2147483647;
			files = (
				A9516749175795F40058E5B4 /* main.m in Sources */,
				A951674A175795F40058E5B4 /* AppDelegate.m in Sources */,
				A951674B175795F40058E5B4 /* FirstViewController.m in Sources */,
				A951674C175795F40058E5B4 /* SecondViewController.m in Sources */,
				A951674D175795F40058E5B4 /* Database.m in Sources */,
				A951674E175795F40058E5B4 /* WeightView.m in Sources */,
				A951674F175795F40058E5B4 /* DataType.m in Sources */,
				A9516750175795F40058E5B4 /* ListViewController.m in Sources */,
				A9516751175795F40058E5B4 /* Util.m in Sources */,
				A9516752175795F40058E5B4 /* DatabaseGeneral.m in Sources */,
				A90F18421765CA4A0041F931 /* DetailViewController.m in Sources */,
			);
			runOnlyForDeploymentPostprocessing = 0;
		};
		A98036D917458D3100F808C3 /* Sources */ = {
			isa = PBXSourcesBuildPhase;
			buildActionMask = 2147483647;
			files = (
				A98036ED17458D3100F808C3 /* main.m in Sources */,
				A98036F117458D3100F808C3 /* AppDelegate.m in Sources */,
				A98036FD17458D3100F808C3 /* FirstViewController.m in Sources */,
				A980370417458D3100F808C3 /* SecondViewController.m in Sources */,
				A980372917458D5B00F808C3 /* Database.m in Sources */,
				A91346BA1747B19300778D9C /* WeightView.m in Sources */,
				A975140A17490E360057D66D /* DataType.m in Sources */,
				A975141A174929F20057D66D /* ListViewController.m in Sources */,
				A975141F17492A270057D66D /* Util.m in Sources */,
				A9FC269317524AAE002459FA /* DatabaseGeneral.m in Sources */,
				A90F183F1765CA4A0041F931 /* DetailViewController.m in Sources */,
			);
			runOnlyForDeploymentPostprocessing = 0;
		};
		A980370917458D3100F808C3 /* Sources */ = {
			isa = PBXSourcesBuildPhase;
			buildActionMask = 2147483647;
			files = (
				A980371D17458D3100F808C3 /* MedicalProjectsTests.m in Sources */,
				A980372E1745909000F808C3 /* TestDatabase.m in Sources */,
				A91346B61747A42900778D9C /* TestFirstViewController.m in Sources */,
				A975140E17490EED0057D66D /* TestDataType.m in Sources */,
				A98B236D175B7C1800D96058 /* TestUtil.m in Sources */,
			);
			runOnlyForDeploymentPostprocessing = 0;
		};
		A98B2371175B80DE00D96058 /* Sources */ = {
			isa = PBXSourcesBuildPhase;
			buildActionMask = 2147483647;
			files = (
				A98B2372175B80DE00D96058 /* MedicalProjectsTests.m in Sources */,
				A98B2373175B80DE00D96058 /* TestDatabase.m in Sources */,
				A98B2374175B80DE00D96058 /* TestFirstViewController.m in Sources */,
				A98B2375175B80DE00D96058 /* TestDataType.m in Sources */,
				A98B2376175B80DE00D96058 /* TestUtil.m in Sources */,
			);
			runOnlyForDeploymentPostprocessing = 0;
		};
/* End PBXSourcesBuildPhase section */

/* Begin PBXTargetDependency section */
		A980371417458D3100F808C3 /* PBXTargetDependency */ = {
			isa = PBXTargetDependency;
			target = A98036DC17458D3100F808C3 /* MedicalProjects */;
			targetProxy = A980371317458D3100F808C3 /* PBXContainerItemProxy */;
		};
		A98B236F175B80DE00D96058 /* PBXTargetDependency */ = {
			isa = PBXTargetDependency;
			target = A98036DC17458D3100F808C3 /* MedicalProjects */;
			targetProxy = A98B2370175B80DE00D96058 /* PBXContainerItemProxy */;
		};
/* End PBXTargetDependency section */

/* Begin PBXVariantGroup section */
		A98036E917458D3100F808C3 /* InfoPlist.strings */ = {
			isa = PBXVariantGroup;
			children = (
				A98036EA17458D3100F808C3 /* en */,
			);
			name = InfoPlist.strings;
			sourceTree = "<group>";
		};
		A98036F817458D3100F808C3 /* MainStoryboard.storyboard */ = {
			isa = PBXVariantGroup;
			children = (
				A98036F917458D3100F808C3 /* en */,
			);
			name = MainStoryboard.storyboard;
			sourceTree = "<group>";
		};
		A980371817458D3100F808C3 /* InfoPlist.strings */ = {
			isa = PBXVariantGroup;
			children = (
				A980371917458D3100F808C3 /* en */,
			);
			name = InfoPlist.strings;
			sourceTree = "<group>";
		};
/* End PBXVariantGroup section */

/* Begin XCBuildConfiguration section */
		A91346B01747A1A700778D9C /* Debug */ = {
			isa = XCBuildConfiguration;
			buildSettings = {
				GCC_PRECOMPILE_PREFIX_HEADER = YES;
				GCC_PREFIX_HEADER = "MedicalProjects/MedicalProjects-Prefix.pch";
				GCC_PREPROCESSOR_DEFINITIONS = "WEIGHT_VERSION=1";
				INFOPLIST_FILE = "MedicalProjects copy-Info.plist";
				OTHER_CFLAGS = "-DWEIGHT_VERSION=1";
				PRODUCT_NAME = "MedicalProjects copy";
				WRAPPER_EXTENSION = app;
			};
			name = Debug;
		};
		A91346B11747A1A700778D9C /* Release */ = {
			isa = XCBuildConfiguration;
			buildSettings = {
				GCC_PRECOMPILE_PREFIX_HEADER = YES;
				GCC_PREFIX_HEADER = "MedicalProjects/MedicalProjects-Prefix.pch";
				GCC_PREPROCESSOR_DEFINITIONS = "WEIGHT_VERSION=1";
				INFOPLIST_FILE = "MedicalProjects copy-Info.plist";
				OTHER_CFLAGS = "-DWEIGHT_VERSION=1";
				PRODUCT_NAME = "MedicalProjects copy";
				WRAPPER_EXTENSION = app;
			};
			name = Release;
		};
		A9516743175795E50058E5B4 /* Debug */ = {
			isa = XCBuildConfiguration;
			buildSettings = {
				GCC_PRECOMPILE_PREFIX_HEADER = YES;
				GCC_PREFIX_HEADER = "MedicalProjects/MedicalProjects-Prefix.pch";
				GCC_PREPROCESSOR_DEFINITIONS = "PRESSURE_VERSION=1";
				INFOPLIST_FILE = "MedicalProjects copy2-Info.plist";
				PRODUCT_NAME = "MedicalProjects copy";
				WRAPPER_EXTENSION = app;
			};
			name = Debug;
		};
		A9516744175795E50058E5B4 /* Release */ = {
			isa = XCBuildConfiguration;
			buildSettings = {
				GCC_PRECOMPILE_PREFIX_HEADER = YES;
				GCC_PREFIX_HEADER = "MedicalProjects/MedicalProjects-Prefix.pch";
				GCC_PREPROCESSOR_DEFINITIONS = "PRESSURE_VERSION=1";
				INFOPLIST_FILE = "MedicalProjects copy2-Info.plist";
				PRODUCT_NAME = "MedicalProjects copy";
				WRAPPER_EXTENSION = app;
			};
			name = Release;
		};
		A9516763175795F40058E5B4 /* Debug */ = {
			isa = XCBuildConfiguration;
			buildSettings = {
				GCC_PRECOMPILE_PREFIX_HEADER = YES;
				GCC_PREFIX_HEADER = "MedicalProjects/MedicalProjects-Prefix.pch";
				GCC_PREPROCESSOR_DEFINITIONS = "GLUCOSE_VERSION=1";
				INFOPLIST_FILE = "MedicalProjects copy3-Info.plist";
				PRODUCT_NAME = "MedicalProjects copy";
				WRAPPER_EXTENSION = app;
			};
			name = Debug;
		};
		A9516764175795F40058E5B4 /* Release */ = {
			isa = XCBuildConfiguration;
			buildSettings = {
				GCC_PRECOMPILE_PREFIX_HEADER = YES;
				GCC_PREFIX_HEADER = "MedicalProjects/MedicalProjects-Prefix.pch";
				GCC_PREPROCESSOR_DEFINITIONS = "GLUCOSE_VERSION=1";
				INFOPLIST_FILE = "MedicalProjects copy3-Info.plist";
				PRODUCT_NAME = "MedicalProjects copy";
				WRAPPER_EXTENSION = app;
			};
			name = Release;
		};
		A980371E17458D3100F808C3 /* Debug */ = {
			isa = XCBuildConfiguration;
			buildSettings = {
				ALWAYS_SEARCH_USER_PATHS = NO;
				CLANG_CXX_LANGUAGE_STANDARD = "gnu++0x";
				CLANG_CXX_LIBRARY = "libc++";
				CLANG_ENABLE_OBJC_ARC = YES;
				CLANG_WARN_CONSTANT_CONVERSION = YES;
				CLANG_WARN_EMPTY_BODY = YES;
				CLANG_WARN_ENUM_CONVERSION = YES;
				CLANG_WARN_INT_CONVERSION = YES;
				CLANG_WARN__DUPLICATE_METHOD_MATCH = YES;
				"CODE_SIGN_IDENTITY[sdk=iphoneos*]" = "iPhone Developer";
				COPY_PHASE_STRIP = NO;
				GCC_C_LANGUAGE_STANDARD = gnu99;
				GCC_DYNAMIC_NO_PIC = NO;
				GCC_OPTIMIZATION_LEVEL = 0;
				GCC_PREPROCESSOR_DEFINITIONS = (
					"DEBUG=1",
					"$(inherited)",
				);
				GCC_SYMBOLS_PRIVATE_EXTERN = NO;
				GCC_WARN_ABOUT_RETURN_TYPE = YES;
				GCC_WARN_UNINITIALIZED_AUTOS = YES;
				GCC_WARN_UNUSED_VARIABLE = YES;
				IPHONEOS_DEPLOYMENT_TARGET = 6.1;
				ONLY_ACTIVE_ARCH = YES;
				SDKROOT = iphoneos;
			};
			name = Debug;
		};
		A980371F17458D3100F808C3 /* Release */ = {
			isa = XCBuildConfiguration;
			buildSettings = {
				ALWAYS_SEARCH_USER_PATHS = NO;
				CLANG_CXX_LANGUAGE_STANDARD = "gnu++0x";
				CLANG_CXX_LIBRARY = "libc++";
				CLANG_ENABLE_OBJC_ARC = YES;
				CLANG_WARN_CONSTANT_CONVERSION = YES;
				CLANG_WARN_EMPTY_BODY = YES;
				CLANG_WARN_ENUM_CONVERSION = YES;
				CLANG_WARN_INT_CONVERSION = YES;
				CLANG_WARN__DUPLICATE_METHOD_MATCH = YES;
				"CODE_SIGN_IDENTITY[sdk=iphoneos*]" = "iPhone Developer";
				COPY_PHASE_STRIP = YES;
				GCC_C_LANGUAGE_STANDARD = gnu99;
				GCC_WARN_ABOUT_RETURN_TYPE = YES;
				GCC_WARN_UNINITIALIZED_AUTOS = YES;
				GCC_WARN_UNUSED_VARIABLE = YES;
				IPHONEOS_DEPLOYMENT_TARGET = 6.1;
				OTHER_CFLAGS = "-DNS_BLOCK_ASSERTIONS=1";
				SDKROOT = iphoneos;
				VALIDATE_PRODUCT = YES;
			};
			name = Release;
		};
		A980372117458D3100F808C3 /* Debug */ = {
			isa = XCBuildConfiguration;
			buildSettings = {
				GCC_PRECOMPILE_PREFIX_HEADER = YES;
				GCC_PREFIX_HEADER = "MedicalProjects/MedicalProjects-Prefix.pch";
				INFOPLIST_FILE = "MedicalProjects/MedicalProjects-Info.plist";
				PRODUCT_NAME = "$(TARGET_NAME)";
				WRAPPER_EXTENSION = app;
			};
			name = Debug;
		};
		A980372217458D3100F808C3 /* Release */ = {
			isa = XCBuildConfiguration;
			buildSettings = {
				GCC_PRECOMPILE_PREFIX_HEADER = YES;
				GCC_PREFIX_HEADER = "MedicalProjects/MedicalProjects-Prefix.pch";
				INFOPLIST_FILE = "MedicalProjects/MedicalProjects-Info.plist";
				PRODUCT_NAME = "$(TARGET_NAME)";
				WRAPPER_EXTENSION = app;
			};
			name = Release;
		};
		A980372417458D3100F808C3 /* Debug */ = {
			isa = XCBuildConfiguration;
			buildSettings = {
				BUNDLE_LOADER = "$(BUILT_PRODUCTS_DIR)/MedicalProjects.app/MedicalProjects";
				FRAMEWORK_SEARCH_PATHS = (
					"\"$(SDKROOT)/Developer/Library/Frameworks\"",
					"\"$(DEVELOPER_LIBRARY_DIR)/Frameworks\"",
				);
				GCC_PRECOMPILE_PREFIX_HEADER = YES;
				GCC_PREFIX_HEADER = "MedicalProjects/MedicalProjects-Prefix.pch";
				INFOPLIST_FILE = "MedicalProjectsTests/MedicalProjectsTests-Info.plist";
				PRODUCT_NAME = "$(TARGET_NAME)";
				TEST_HOST = "$(BUNDLE_LOADER)";
				WRAPPER_EXTENSION = octest;
			};
			name = Debug;
		};
		A980372517458D3100F808C3 /* Release */ = {
			isa = XCBuildConfiguration;
			buildSettings = {
				BUNDLE_LOADER = "$(BUILT_PRODUCTS_DIR)/MedicalProjects.app/MedicalProjects";
				FRAMEWORK_SEARCH_PATHS = (
					"\"$(SDKROOT)/Developer/Library/Frameworks\"",
					"\"$(DEVELOPER_LIBRARY_DIR)/Frameworks\"",
				);
				GCC_PRECOMPILE_PREFIX_HEADER = YES;
				GCC_PREFIX_HEADER = "MedicalProjects/MedicalProjects-Prefix.pch";
				INFOPLIST_FILE = "MedicalProjectsTests/MedicalProjectsTests-Info.plist";
				PRODUCT_NAME = "$(TARGET_NAME)";
				TEST_HOST = "$(BUNDLE_LOADER)";
				WRAPPER_EXTENSION = octest;
			};
			name = Release;
		};
		A98B2381175B80DE00D96058 /* Debug */ = {
			isa = XCBuildConfiguration;
			buildSettings = {
				BUNDLE_LOADER = "$(BUILT_PRODUCTS_DIR)/MedicalProjects.app/MedicalProjects";
				FRAMEWORK_SEARCH_PATHS = (
					"\"$(SDKROOT)/Developer/Library/Frameworks\"",
					"\"$(DEVELOPER_LIBRARY_DIR)/Frameworks\"",
				);
				GCC_PRECOMPILE_PREFIX_HEADER = YES;
				GCC_PREFIX_HEADER = "MedicalProjects/MedicalProjects-Prefix.pch";
				GCC_PREPROCESSOR_DEFINITIONS = "WEIGHT_VERSION=1";
				INFOPLIST_FILE = "MedicalProjectsTests copy-Info.plist";
				PRODUCT_NAME = "MedicalProjectsTests copy";
				TEST_HOST = "$(BUNDLE_LOADER)";
				WRAPPER_EXTENSION = octest;
			};
			name = Debug;
		};
		A98B2382175B80DE00D96058 /* Release */ = {
			isa = XCBuildConfiguration;
			buildSettings = {
				BUNDLE_LOADER = "$(BUILT_PRODUCTS_DIR)/MedicalProjects.app/MedicalProjects";
				FRAMEWORK_SEARCH_PATHS = (
					"\"$(SDKROOT)/Developer/Library/Frameworks\"",
					"\"$(DEVELOPER_LIBRARY_DIR)/Frameworks\"",
				);
				GCC_PRECOMPILE_PREFIX_HEADER = YES;
				GCC_PREFIX_HEADER = "MedicalProjects/MedicalProjects-Prefix.pch";
				GCC_PREPROCESSOR_DEFINITIONS = "WEIGHT_VERSION=1";
				INFOPLIST_FILE = "MedicalProjectsTests copy-Info.plist";
				PRODUCT_NAME = "MedicalProjectsTests copy";
				TEST_HOST = "$(BUNDLE_LOADER)";
				WRAPPER_EXTENSION = octest;
			};
			name = Release;
		};
/* End XCBuildConfiguration section */

/* Begin XCConfigurationList section */
		A91346AF1747A1A700778D9C /* Build configuration list for PBXNativeTarget "aWeights" */ = {
			isa = XCConfigurationList;
			buildConfigurations = (
				A91346B01747A1A700778D9C /* Debug */,
				A91346B11747A1A700778D9C /* Release */,
			);
			defaultConfigurationIsVisible = 0;
			defaultConfigurationName = Release;
		};
		A9516742175795E50058E5B4 /* Build configuration list for PBXNativeTarget "aPressure" */ = {
			isa = XCConfigurationList;
			buildConfigurations = (
				A9516743175795E50058E5B4 /* Debug */,
				A9516744175795E50058E5B4 /* Release */,
			);
			defaultConfigurationIsVisible = 0;
			defaultConfigurationName = Release;
		};
		A9516762175795F40058E5B4 /* Build configuration list for PBXNativeTarget "aGlucose" */ = {
			isa = XCConfigurationList;
			buildConfigurations = (
				A9516763175795F40058E5B4 /* Debug */,
				A9516764175795F40058E5B4 /* Release */,
			);
			defaultConfigurationIsVisible = 0;
			defaultConfigurationName = Release;
		};
		A98036D817458D3100F808C3 /* Build configuration list for PBXProject "MedicalProjects" */ = {
			isa = XCConfigurationList;
			buildConfigurations = (
				A980371E17458D3100F808C3 /* Debug */,
				A980371F17458D3100F808C3 /* Release */,
			);
			defaultConfigurationIsVisible = 0;
			defaultConfigurationName = Release;
		};
		A980372017458D3100F808C3 /* Build configuration list for PBXNativeTarget "MedicalProjects" */ = {
			isa = XCConfigurationList;
			buildConfigurations = (
				A980372117458D3100F808C3 /* Debug */,
				A980372217458D3100F808C3 /* Release */,
			);
			defaultConfigurationIsVisible = 0;
			defaultConfigurationName = Release;
		};
		A980372317458D3100F808C3 /* Build configuration list for PBXNativeTarget "MedicalProjectsTests" */ = {
			isa = XCConfigurationList;
			buildConfigurations = (
				A980372417458D3100F808C3 /* Debug */,
				A980372517458D3100F808C3 /* Release */,
			);
			defaultConfigurationIsVisible = 0;
			defaultConfigurationName = Release;
		};
		A98B2380175B80DE00D96058 /* Build configuration list for PBXNativeTarget "aWeightsTests" */ = {
			isa = XCConfigurationList;
			buildConfigurations = (
				A98B2381175B80DE00D96058 /* Debug */,
				A98B2382175B80DE00D96058 /* Release */,
			);
			defaultConfigurationIsVisible = 0;
			defaultConfigurationName = Release;
		};
/* End XCConfigurationList section */
	};
	rootObject = A98036D517458D3100F808C3 /* Project object */;
}
